// !$*UTF8*$!
{
	archiveVersion = 1;
	classes = {
	};
	objectVersion = 46;
	objects = {

/* Begin PBXBuildFile section */
		1F74D1DF153BBDF6009B27D1 /* DropDownButton.mm in Sources */ = {isa = PBXBuildFile; fileRef = 1F74D1DE153BBDF6009B27D1 /* DropDownButton.mm */; };
		1F74D1E3153BC225009B27D1 /* settings.png in Resources */ = {isa = PBXBuildFile; fileRef = 1F74D1E1153BC225009B27D1 /* settings.png */; };
		1F74D1E4153BC225009B27D1 /* title.png in Resources */ = {isa = PBXBuildFile; fileRef = 1F74D1E2153BC225009B27D1 /* title.png */; };
		1F74D1E7153BE8D9009B27D1 /* TileTableViewCell.mm in Sources */ = {isa = PBXBuildFile; fileRef = 1F74D1E6153BE8D6009B27D1 /* TileTableViewCell.mm */; };
		1F8D2C3A151DA348003DB451 /* UIKit.framework in Frameworks */ = {isa = PBXBuildFile; fileRef = 1F8D2C39151DA348003DB451 /* UIKit.framework */; };
		1F8D2C3C151DA348003DB451 /* Foundation.framework in Frameworks */ = {isa = PBXBuildFile; fileRef = 1F8D2C3B151DA348003DB451 /* Foundation.framework */; };
		1F8D2C3E151DA348003DB451 /* CoreGraphics.framework in Frameworks */ = {isa = PBXBuildFile; fileRef = 1F8D2C3D151DA348003DB451 /* CoreGraphics.framework */; };
		1F8D2C44151DA348003DB451 /* InfoPlist.strings in Resources */ = {isa = PBXBuildFile; fileRef = 1F8D2C42151DA348003DB451 /* InfoPlist.strings */; };
		1F8D2C46151DA348003DB451 /* main.m in Sources */ = {isa = PBXBuildFile; fileRef = 1F8D2C45151DA348003DB451 /* main.m */; };
		1F8D2C4A151DA348003DB451 /* AppDelegate.mm in Sources */ = {isa = PBXBuildFile; fileRef = 1F8D2C49151DA348003DB451 /* AppDelegate.mm */; };
		1F8D2C4D151DA348003DB451 /* ViewController.mm in Sources */ = {isa = PBXBuildFile; fileRef = 1F8D2C4C151DA348003DB451 /* ViewController.mm */; };
		1F8D2C50151DA348003DB451 /* ViewController_iPhone.xib in Resources */ = {isa = PBXBuildFile; fileRef = 1F8D2C4E151DA348003DB451 /* ViewController_iPhone.xib */; };
		1F8D2C53151DA348003DB451 /* ViewController_iPad.xib in Resources */ = {isa = PBXBuildFile; fileRef = 1F8D2C51151DA348003DB451 /* ViewController_iPad.xib */; };
		1FD1F25C156CEB0B000A1786 /* main.m in Sources */ = {isa = PBXBuildFile; fileRef = 1F8D2C45151DA348003DB451 /* main.m */; };
		1FD1F25D156CEB0B000A1786 /* AppDelegate.mm in Sources */ = {isa = PBXBuildFile; fileRef = 1F8D2C49151DA348003DB451 /* AppDelegate.mm */; };
		1FD1F25E156CEB0B000A1786 /* ViewController.mm in Sources */ = {isa = PBXBuildFile; fileRef = 1F8D2C4C151DA348003DB451 /* ViewController.mm */; };
		1FD1F25F156CEB0B000A1786 /* DictCore.mm in Sources */ = {isa = PBXBuildFile; fileRef = 99B6A46B153AB3B70062C4A6 /* DictCore.mm */; };
		1FD1F260156CEB0B000A1786 /* ImageCore.mm in Sources */ = {isa = PBXBuildFile; fileRef = 99B6A46D153AB3B70062C4A6 /* ImageCore.mm */; };
		1FD1F261156CEB0B000A1786 /* ImageRecognizer.mm in Sources */ = {isa = PBXBuildFile; fileRef = 99B6A46F153AB3B70062C4A6 /* ImageRecognizer.mm */; };
		1FD1F262156CEB0B000A1786 /* Word.mm in Sources */ = {isa = PBXBuildFile; fileRef = 99B6A471153AB3B70062C4A6 /* Word.mm */; };
		1FD1F263156CEB0B000A1786 /* NSString+MD5Addition.m in Sources */ = {isa = PBXBuildFile; fileRef = 99B6A474153AB3B70062C4A6 /* NSString+MD5Addition.m */; };
		1FD1F264156CEB0B000A1786 /* UIDevice+IdentifierAddition.m in Sources */ = {isa = PBXBuildFile; fileRef = 99B6A476153AB3B70062C4A6 /* UIDevice+IdentifierAddition.m */; };
		1FD1F265156CEB0B000A1786 /* ColorUtil.mm in Sources */ = {isa = PBXBuildFile; fileRef = 99B6A47F153AB3C30062C4A6 /* ColorUtil.mm */; };
		1FD1F266156CEB0B000A1786 /* DictUtil.mm in Sources */ = {isa = PBXBuildFile; fileRef = 99B6A481153AB3C30062C4A6 /* DictUtil.mm */; };
		1FD1F267156CEB0B000A1786 /* Global.mm in Sources */ = {isa = PBXBuildFile; fileRef = 99B6A483153AB3C30062C4A6 /* Global.mm */; };
		1FD1F268156CEB0B000A1786 /* SettingManager.m in Sources */ = {isa = PBXBuildFile; fileRef = 99B6A485153AB3C30062C4A6 /* SettingManager.m */; };
		1FD1F269156CEB0B000A1786 /* DictView.mm in Sources */ = {isa = PBXBuildFile; fileRef = 99B6A488153AB3C40062C4A6 /* DictView.mm */; };
		1FD1F26A156CEB0B000A1786 /* ImageChooser.mm in Sources */ = {isa = PBXBuildFile; fileRef = 99B6A48E153AB3C40062C4A6 /* ImageChooser.mm */; };
		1FD1F26B156CEB0B000A1786 /* DetailTableViewCell.mm in Sources */ = {isa = PBXBuildFile; fileRef = 99B6A490153AB3C40062C4A6 /* DetailTableViewCell.mm */; };
		1FD1F26C156CEB0B000A1786 /* ResultWordsView.mm in Sources */ = {isa = PBXBuildFile; fileRef = 99B6A492153AB3C40062C4A6 /* ResultWordsView.mm */; };
		1FD1F26D156CEB0B000A1786 /* SectionHeaderViewer.mm in Sources */ = {isa = PBXBuildFile; fileRef = 99B6A494153AB3C40062C4A6 /* SectionHeaderViewer.mm */; };
		1FD1F26E156CEB0B000A1786 /* TooltipView.mm in Sources */ = {isa = PBXBuildFile; fileRef = 99B6A496153AB3C40062C4A6 /* TooltipView.mm */; };
		1FD1F26F156CEB0B000A1786 /* DropDownButton.mm in Sources */ = {isa = PBXBuildFile; fileRef = 1F74D1DE153BBDF6009B27D1 /* DropDownButton.mm */; };
		1FD1F270156CEB0B000A1786 /* TileTableViewCell.mm in Sources */ = {isa = PBXBuildFile; fileRef = 1F74D1E6153BE8D6009B27D1 /* TileTableViewCell.mm */; };
		1FD1F271156CEB0B000A1786 /* WaitView.m in Sources */ = {isa = PBXBuildFile; fileRef = 99C0827A1549A12500D43EE7 /* WaitView.m */; };
		1FD1F273156CEB0B000A1786 /* SystemConfiguration.framework in Frameworks */ = {isa = PBXBuildFile; fileRef = 1FEB2539153D3D08002F9C5A /* SystemConfiguration.framework */; };
		1FD1F274156CEB0B000A1786 /* MessageUI.framework in Frameworks */ = {isa = PBXBuildFile; fileRef = 1FEB2537153D3CD5002F9C5A /* MessageUI.framework */; };
		1FD1F275156CEB0B000A1786 /* AudioToolbox.framework in Frameworks */ = {isa = PBXBuildFile; fileRef = 1FEB2535153D3CBE002F9C5A /* AudioToolbox.framework */; };
		1FD1F276156CEB0B000A1786 /* UIKit.framework in Frameworks */ = {isa = PBXBuildFile; fileRef = 1F8D2C39151DA348003DB451 /* UIKit.framework */; };
		1FD1F277156CEB0B000A1786 /* Foundation.framework in Frameworks */ = {isa = PBXBuildFile; fileRef = 1F8D2C3B151DA348003DB451 /* Foundation.framework */; };
		1FD1F278156CEB0B000A1786 /* CoreGraphics.framework in Frameworks */ = {isa = PBXBuildFile; fileRef = 1F8D2C3D151DA348003DB451 /* CoreGraphics.framework */; };
		1FD1F27B156CEB0B000A1786 /* InfoPlist.strings in Resources */ = {isa = PBXBuildFile; fileRef = 1F8D2C42151DA348003DB451 /* InfoPlist.strings */; };
		1FD1F27C156CEB0B000A1786 /* ViewController_iPhone.xib in Resources */ = {isa = PBXBuildFile; fileRef = 1F8D2C4E151DA348003DB451 /* ViewController_iPhone.xib */; };
		1FD1F27D156CEB0B000A1786 /* ViewController_iPad.xib in Resources */ = {isa = PBXBuildFile; fileRef = 1F8D2C51151DA348003DB451 /* ViewController_iPad.xib */; };
		1FD1F284156CEB0B000A1786 /* settings.png in Resources */ = {isa = PBXBuildFile; fileRef = 1F74D1E1153BC225009B27D1 /* settings.png */; };
		1FD1F285156CEB0B000A1786 /* title.png in Resources */ = {isa = PBXBuildFile; fileRef = 1F74D1E2153BC225009B27D1 /* title.png */; };
		1FD1F28A156CEB0B000A1786 /* btnsnapshot.png in Resources */ = {isa = PBXBuildFile; fileRef = 99869945153DDB3D00B85BB7 /* btnsnapshot.png */; };
		1FD1F28B156CEB0B000A1786 /* btnsnapshothover.png in Resources */ = {isa = PBXBuildFile; fileRef = 99869946153DDB3D00B85BB7 /* btnsnapshothover.png */; };
		1FD1F28C156CEB0B000A1786 /* reset.png in Resources */ = {isa = PBXBuildFile; fileRef = 99869947153DDB3D00B85BB7 /* reset.png */; };
		1FD1F28D156CEB0B000A1786 /* resethover.png in Resources */ = {isa = PBXBuildFile; fileRef = 99869948153DDB3D00B85BB7 /* resethover.png */; };
		1FD1F28E156CEB0B000A1786 /* chars.png in Resources */ = {isa = PBXBuildFile; fileRef = 99AFBD3D1540622C00366B31 /* chars.png */; };
		1FEB2536153D3CBE002F9C5A /* AudioToolbox.framework in Frameworks */ = {isa = PBXBuildFile; fileRef = 1FEB2535153D3CBE002F9C5A /* AudioToolbox.framework */; };
		1FEB2538153D3CD5002F9C5A /* MessageUI.framework in Frameworks */ = {isa = PBXBuildFile; fileRef = 1FEB2537153D3CD5002F9C5A /* MessageUI.framework */; };
		1FEB253A153D3D08002F9C5A /* SystemConfiguration.framework in Frameworks */ = {isa = PBXBuildFile; fileRef = 1FEB2539153D3D08002F9C5A /* SystemConfiguration.framework */; };
		99869949153DDB3D00B85BB7 /* btnsnapshot.png in Resources */ = {isa = PBXBuildFile; fileRef = 99869945153DDB3D00B85BB7 /* btnsnapshot.png */; };
		9986994A153DDB3D00B85BB7 /* btnsnapshothover.png in Resources */ = {isa = PBXBuildFile; fileRef = 99869946153DDB3D00B85BB7 /* btnsnapshothover.png */; };
		9986994B153DDB3D00B85BB7 /* reset.png in Resources */ = {isa = PBXBuildFile; fileRef = 99869947153DDB3D00B85BB7 /* reset.png */; };
		9986994C153DDB3D00B85BB7 /* resethover.png in Resources */ = {isa = PBXBuildFile; fileRef = 99869948153DDB3D00B85BB7 /* resethover.png */; };
		9997C67E158454850065C828 /* libGoogleAdMobAds.a in Frameworks */ = {isa = PBXBuildFile; fileRef = 99B51556158432CA00D0E739 /* libGoogleAdMobAds.a */; };
		9997C6891584733A0065C828 /* iAd.framework in Frameworks */ = {isa = PBXBuildFile; fileRef = 99B5163A158434E800D0E739 /* iAd.framework */; };
		99AFBD3E1540622C00366B31 /* chars.png in Resources */ = {isa = PBXBuildFile; fileRef = 99AFBD3D1540622C00366B31 /* chars.png */; };
		99B51558158432CA00D0E739 /* libGoogleAdMobAds.a in Frameworks */ = {isa = PBXBuildFile; fileRef = 99B51556158432CA00D0E739 /* libGoogleAdMobAds.a */; };
		99B515A4158432F900D0E739 /* AdWhirlAdapterGoogleAdMobAds.m in Sources */ = {isa = PBXBuildFile; fileRef = 99B5155E158432F900D0E739 /* AdWhirlAdapterGoogleAdMobAds.m */; };
		99B515A5158432F900D0E739 /* AdWhirlAdapterGoogleAdMobAds.m in Sources */ = {isa = PBXBuildFile; fileRef = 99B5155E158432F900D0E739 /* AdWhirlAdapterGoogleAdMobAds.m */; };
		99B515AA158432F900D0E739 /* AdWhirlAdapterIAd.m in Sources */ = {isa = PBXBuildFile; fileRef = 99B51564158432F900D0E739 /* AdWhirlAdapterIAd.m */; };
		99B515AB158432F900D0E739 /* AdWhirlAdapterIAd.m in Sources */ = {isa = PBXBuildFile; fileRef = 99B51564158432F900D0E739 /* AdWhirlAdapterIAd.m */; };
		99B515BE158432F900D0E739 /* AdWhirlAdapterCustom.m in Sources */ = {isa = PBXBuildFile; fileRef = 99B5157C158432F900D0E739 /* AdWhirlAdapterCustom.m */; };
		99B515BF158432F900D0E739 /* AdWhirlAdapterCustom.m in Sources */ = {isa = PBXBuildFile; fileRef = 99B5157C158432F900D0E739 /* AdWhirlAdapterCustom.m */; };
		99B515C0158432F900D0E739 /* AdWhirlAdapterEvent.m in Sources */ = {isa = PBXBuildFile; fileRef = 99B5157E158432F900D0E739 /* AdWhirlAdapterEvent.m */; };
		99B515C1158432F900D0E739 /* AdWhirlAdapterEvent.m in Sources */ = {isa = PBXBuildFile; fileRef = 99B5157E158432F900D0E739 /* AdWhirlAdapterEvent.m */; };
		99B515C2158432F900D0E739 /* AdWhirlAdapterGeneric.m in Sources */ = {isa = PBXBuildFile; fileRef = 99B51580158432F900D0E739 /* AdWhirlAdapterGeneric.m */; };
		99B515C3158432F900D0E739 /* AdWhirlAdapterGeneric.m in Sources */ = {isa = PBXBuildFile; fileRef = 99B51580158432F900D0E739 /* AdWhirlAdapterGeneric.m */; };
		99B515C4158432F900D0E739 /* AdWhirlAdNetworkAdapter+Helpers.m in Sources */ = {isa = PBXBuildFile; fileRef = 99B51582158432F900D0E739 /* AdWhirlAdNetworkAdapter+Helpers.m */; };
		99B515C5158432F900D0E739 /* AdWhirlAdNetworkAdapter+Helpers.m in Sources */ = {isa = PBXBuildFile; fileRef = 99B51582158432F900D0E739 /* AdWhirlAdNetworkAdapter+Helpers.m */; };
		99B515C6158432F900D0E739 /* AdWhirlAdNetworkAdapter.m in Sources */ = {isa = PBXBuildFile; fileRef = 99B51583158432F900D0E739 /* AdWhirlAdNetworkAdapter.m */; };
		99B515C7158432F900D0E739 /* AdWhirlAdNetworkAdapter.m in Sources */ = {isa = PBXBuildFile; fileRef = 99B51583158432F900D0E739 /* AdWhirlAdNetworkAdapter.m */; };
		99B515C8158432F900D0E739 /* AdWhirlAdNetworkConfig.m in Sources */ = {isa = PBXBuildFile; fileRef = 99B51585158432F900D0E739 /* AdWhirlAdNetworkConfig.m */; };
		99B515C9158432F900D0E739 /* AdWhirlAdNetworkConfig.m in Sources */ = {isa = PBXBuildFile; fileRef = 99B51585158432F900D0E739 /* AdWhirlAdNetworkConfig.m */; };
		99B515CA158432F900D0E739 /* AdWhirlAdNetworkRegistry.m in Sources */ = {isa = PBXBuildFile; fileRef = 99B51587158432F900D0E739 /* AdWhirlAdNetworkRegistry.m */; };
		99B515CB158432F900D0E739 /* AdWhirlAdNetworkRegistry.m in Sources */ = {isa = PBXBuildFile; fileRef = 99B51587158432F900D0E739 /* AdWhirlAdNetworkRegistry.m */; };
		99B515CC158432F900D0E739 /* AdWhirlClassWrapper.m in Sources */ = {isa = PBXBuildFile; fileRef = 99B51589158432F900D0E739 /* AdWhirlClassWrapper.m */; };
		99B515CD158432F900D0E739 /* AdWhirlClassWrapper.m in Sources */ = {isa = PBXBuildFile; fileRef = 99B51589158432F900D0E739 /* AdWhirlClassWrapper.m */; };
		99B515CE158432F900D0E739 /* AdWhirlConfig.m in Sources */ = {isa = PBXBuildFile; fileRef = 99B5158B158432F900D0E739 /* AdWhirlConfig.m */; };
		99B515CF158432F900D0E739 /* AdWhirlConfig.m in Sources */ = {isa = PBXBuildFile; fileRef = 99B5158B158432F900D0E739 /* AdWhirlConfig.m */; };
		99B515D0158432F900D0E739 /* AdWhirlConfigStore.m in Sources */ = {isa = PBXBuildFile; fileRef = 99B5158D158432F900D0E739 /* AdWhirlConfigStore.m */; };
		99B515D1158432F900D0E739 /* AdWhirlConfigStore.m in Sources */ = {isa = PBXBuildFile; fileRef = 99B5158D158432F900D0E739 /* AdWhirlConfigStore.m */; };
		99B515D2158432F900D0E739 /* AdWhirlCustomAdView.m in Sources */ = {isa = PBXBuildFile; fileRef = 99B5158F158432F900D0E739 /* AdWhirlCustomAdView.m */; };
		99B515D3158432F900D0E739 /* AdWhirlCustomAdView.m in Sources */ = {isa = PBXBuildFile; fileRef = 99B5158F158432F900D0E739 /* AdWhirlCustomAdView.m */; };
		99B515D4158432F900D0E739 /* AdWhirlError.m in Sources */ = {isa = PBXBuildFile; fileRef = 99B51591158432F900D0E739 /* AdWhirlError.m */; };
		99B515D5158432F900D0E739 /* AdWhirlError.m in Sources */ = {isa = PBXBuildFile; fileRef = 99B51591158432F900D0E739 /* AdWhirlError.m */; };
		99B515D6158432F900D0E739 /* AdWhirlLog.m in Sources */ = {isa = PBXBuildFile; fileRef = 99B51593158432F900D0E739 /* AdWhirlLog.m */; };
		99B515D7158432F900D0E739 /* AdWhirlLog.m in Sources */ = {isa = PBXBuildFile; fileRef = 99B51593158432F900D0E739 /* AdWhirlLog.m */; };
		99B515D8158432F900D0E739 /* AdWhirlView.m in Sources */ = {isa = PBXBuildFile; fileRef = 99B51595158432F900D0E739 /* AdWhirlView.m */; };
		99B515D9158432F900D0E739 /* AdWhirlView.m in Sources */ = {isa = PBXBuildFile; fileRef = 99B51595158432F900D0E739 /* AdWhirlView.m */; };
		99B515DA158432F900D0E739 /* AdWhirlWebBrowser.xib in Resources */ = {isa = PBXBuildFile; fileRef = 99B51596158432F900D0E739 /* AdWhirlWebBrowser.xib */; };
		99B515DB158432F900D0E739 /* AdWhirlWebBrowser.xib in Resources */ = {isa = PBXBuildFile; fileRef = 99B51596158432F900D0E739 /* AdWhirlWebBrowser.xib */; };
		99B515DC158432F900D0E739 /* AdWhirlWebBrowserController.m in Sources */ = {isa = PBXBuildFile; fileRef = 99B51598158432F900D0E739 /* AdWhirlWebBrowserController.m */; };
		99B515DD158432F900D0E739 /* AdWhirlWebBrowserController.m in Sources */ = {isa = PBXBuildFile; fileRef = 99B51598158432F900D0E739 /* AdWhirlWebBrowserController.m */; };
		99B515DE158432F900D0E739 /* ARRollerView.m in Sources */ = {isa = PBXBuildFile; fileRef = 99B51599158432F900D0E739 /* ARRollerView.m */; };
		99B515DF158432F900D0E739 /* ARRollerView.m in Sources */ = {isa = PBXBuildFile; fileRef = 99B51599158432F900D0E739 /* ARRollerView.m */; };
		99B515E0158432F900D0E739 /* AWNetworkReachabilityWrapper.m in Sources */ = {isa = PBXBuildFile; fileRef = 99B5159C158432F900D0E739 /* AWNetworkReachabilityWrapper.m */; };
		99B515E1158432F900D0E739 /* AWNetworkReachabilityWrapper.m in Sources */ = {isa = PBXBuildFile; fileRef = 99B5159C158432F900D0E739 /* AWNetworkReachabilityWrapper.m */; };
		99B515E2158432F900D0E739 /* UIColor+AdWhirlConfig.m in Sources */ = {isa = PBXBuildFile; fileRef = 99B5159E158432F900D0E739 /* UIColor+AdWhirlConfig.m */; };
		99B515E3158432F900D0E739 /* UIColor+AdWhirlConfig.m in Sources */ = {isa = PBXBuildFile; fileRef = 99B5159E158432F900D0E739 /* UIColor+AdWhirlConfig.m */; };
		99B516261584342800D0E739 /* CDataScanner.m in Sources */ = {isa = PBXBuildFile; fileRef = 99B516111584342800D0E739 /* CDataScanner.m */; };
		99B516271584342800D0E739 /* CDataScanner.m in Sources */ = {isa = PBXBuildFile; fileRef = 99B516111584342800D0E739 /* CDataScanner.m */; };
		99B516281584342800D0E739 /* CDataScanner_Extensions.m in Sources */ = {isa = PBXBuildFile; fileRef = 99B516141584342800D0E739 /* CDataScanner_Extensions.m */; };
		99B516291584342800D0E739 /* CDataScanner_Extensions.m in Sources */ = {isa = PBXBuildFile; fileRef = 99B516141584342800D0E739 /* CDataScanner_Extensions.m */; };
		99B5162A1584342800D0E739 /* NSCharacterSet_Extensions.m in Sources */ = {isa = PBXBuildFile; fileRef = 99B516161584342800D0E739 /* NSCharacterSet_Extensions.m */; };
		99B5162B1584342800D0E739 /* NSCharacterSet_Extensions.m in Sources */ = {isa = PBXBuildFile; fileRef = 99B516161584342800D0E739 /* NSCharacterSet_Extensions.m */; };
		99B5162C1584342800D0E739 /* NSDictionary_JSONExtensions.m in Sources */ = {isa = PBXBuildFile; fileRef = 99B516181584342800D0E739 /* NSDictionary_JSONExtensions.m */; };
		99B5162D1584342800D0E739 /* NSDictionary_JSONExtensions.m in Sources */ = {isa = PBXBuildFile; fileRef = 99B516181584342800D0E739 /* NSDictionary_JSONExtensions.m */; };
		99B5162E1584342800D0E739 /* NSScanner_Extensions.m in Sources */ = {isa = PBXBuildFile; fileRef = 99B5161A1584342800D0E739 /* NSScanner_Extensions.m */; };
		99B5162F1584342800D0E739 /* NSScanner_Extensions.m in Sources */ = {isa = PBXBuildFile; fileRef = 99B5161A1584342800D0E739 /* NSScanner_Extensions.m */; };
		99B516301584342800D0E739 /* CJSONDataSerializer.m in Sources */ = {isa = PBXBuildFile; fileRef = 99B5161D1584342800D0E739 /* CJSONDataSerializer.m */; };
		99B516311584342800D0E739 /* CJSONDataSerializer.m in Sources */ = {isa = PBXBuildFile; fileRef = 99B5161D1584342800D0E739 /* CJSONDataSerializer.m */; };
		99B516321584342800D0E739 /* CJSONDeserializer.m in Sources */ = {isa = PBXBuildFile; fileRef = 99B5161F1584342800D0E739 /* CJSONDeserializer.m */; };
		99B516331584342800D0E739 /* CJSONDeserializer.m in Sources */ = {isa = PBXBuildFile; fileRef = 99B5161F1584342800D0E739 /* CJSONDeserializer.m */; };
		99B516341584342800D0E739 /* CJSONScanner.m in Sources */ = {isa = PBXBuildFile; fileRef = 99B516211584342800D0E739 /* CJSONScanner.m */; };
		99B516351584342800D0E739 /* CJSONScanner.m in Sources */ = {isa = PBXBuildFile; fileRef = 99B516211584342800D0E739 /* CJSONScanner.m */; };
		99B516361584342800D0E739 /* CJSONSerializer.m in Sources */ = {isa = PBXBuildFile; fileRef = 99B516231584342800D0E739 /* CJSONSerializer.m */; };
		99B516371584342800D0E739 /* CJSONSerializer.m in Sources */ = {isa = PBXBuildFile; fileRef = 99B516231584342800D0E739 /* CJSONSerializer.m */; };
		99B516381584342800D0E739 /* CSerializedJSONData.m in Sources */ = {isa = PBXBuildFile; fileRef = 99B516251584342800D0E739 /* CSerializedJSONData.m */; };
		99B516391584342800D0E739 /* CSerializedJSONData.m in Sources */ = {isa = PBXBuildFile; fileRef = 99B516251584342800D0E739 /* CSerializedJSONData.m */; };
		99B5163B158434E800D0E739 /* iAd.framework in Frameworks */ = {isa = PBXBuildFile; fileRef = 99B5163A158434E800D0E739 /* iAd.framework */; };
		99B5163D158434F300D0E739 /* AVFoundation.framework in Frameworks */ = {isa = PBXBuildFile; fileRef = 99B5163C158434F300D0E739 /* AVFoundation.framework */; };
		99B516411584350800D0E739 /* CoreLocation.framework in Frameworks */ = {isa = PBXBuildFile; fileRef = 99B516401584350800D0E739 /* CoreLocation.framework */; };
		99B516451584355B00D0E739 /* AVFoundation.framework in Frameworks */ = {isa = PBXBuildFile; fileRef = 99B5163C158434F300D0E739 /* AVFoundation.framework */; };
		99B516491584370C00D0E739 /* AddressBook.framework in Frameworks */ = {isa = PBXBuildFile; fileRef = 99B516481584370C00D0E739 /* AddressBook.framework */; };
		99B5164A1584372600D0E739 /* CoreLocation.framework in Frameworks */ = {isa = PBXBuildFile; fileRef = 99B516401584350800D0E739 /* CoreLocation.framework */; };
		99B5164C1584373D00D0E739 /* libsqlite3.dylib in Frameworks */ = {isa = PBXBuildFile; fileRef = 99B5164B1584373D00D0E739 /* libsqlite3.dylib */; };
		99B5164E1584375200D0E739 /* libz.dylib in Frameworks */ = {isa = PBXBuildFile; fileRef = 99B5164D1584375200D0E739 /* libz.dylib */; };
		99B516501584375B00D0E739 /* MapKit.framework in Frameworks */ = {isa = PBXBuildFile; fileRef = 99B5164F1584375B00D0E739 /* MapKit.framework */; };
		99B516521584377F00D0E739 /* QuartzCore.framework in Frameworks */ = {isa = PBXBuildFile; fileRef = 99B516511584377F00D0E739 /* QuartzCore.framework */; };
		99B51653158437CF00D0E739 /* AddressBook.framework in Frameworks */ = {isa = PBXBuildFile; fileRef = 99B516481584370C00D0E739 /* AddressBook.framework */; };
		99B51654158437E300D0E739 /* libsqlite3.dylib in Frameworks */ = {isa = PBXBuildFile; fileRef = 99B5164B1584373D00D0E739 /* libsqlite3.dylib */; };
		99B51655158437EA00D0E739 /* libz.dylib in Frameworks */ = {isa = PBXBuildFile; fileRef = 99B5164D1584375200D0E739 /* libz.dylib */; };
		99B51656158437F300D0E739 /* MapKit.framework in Frameworks */ = {isa = PBXBuildFile; fileRef = 99B5164F1584375B00D0E739 /* MapKit.framework */; };
		99B516571584380A00D0E739 /* QuartzCore.framework in Frameworks */ = {isa = PBXBuildFile; fileRef = 99B516511584377F00D0E739 /* QuartzCore.framework */; };
		99B6A477153AB3B70062C4A6 /* DictCore.mm in Sources */ = {isa = PBXBuildFile; fileRef = 99B6A46B153AB3B70062C4A6 /* DictCore.mm */; };
		99B6A478153AB3B70062C4A6 /* ImageCore.mm in Sources */ = {isa = PBXBuildFile; fileRef = 99B6A46D153AB3B70062C4A6 /* ImageCore.mm */; };
		99B6A479153AB3B70062C4A6 /* ImageRecognizer.mm in Sources */ = {isa = PBXBuildFile; fileRef = 99B6A46F153AB3B70062C4A6 /* ImageRecognizer.mm */; };
		99B6A47A153AB3B70062C4A6 /* Word.mm in Sources */ = {isa = PBXBuildFile; fileRef = 99B6A471153AB3B70062C4A6 /* Word.mm */; };
		99B6A47B153AB3B70062C4A6 /* NSString+MD5Addition.m in Sources */ = {isa = PBXBuildFile; fileRef = 99B6A474153AB3B70062C4A6 /* NSString+MD5Addition.m */; };
		99B6A47C153AB3B70062C4A6 /* UIDevice+IdentifierAddition.m in Sources */ = {isa = PBXBuildFile; fileRef = 99B6A476153AB3B70062C4A6 /* UIDevice+IdentifierAddition.m */; };
		99B6A497153AB3C40062C4A6 /* ColorUtil.mm in Sources */ = {isa = PBXBuildFile; fileRef = 99B6A47F153AB3C30062C4A6 /* ColorUtil.mm */; };
		99B6A498153AB3C40062C4A6 /* DictUtil.mm in Sources */ = {isa = PBXBuildFile; fileRef = 99B6A481153AB3C30062C4A6 /* DictUtil.mm */; };
		99B6A499153AB3C40062C4A6 /* Global.mm in Sources */ = {isa = PBXBuildFile; fileRef = 99B6A483153AB3C30062C4A6 /* Global.mm */; };
		99B6A49A153AB3C40062C4A6 /* SettingManager.m in Sources */ = {isa = PBXBuildFile; fileRef = 99B6A485153AB3C30062C4A6 /* SettingManager.m */; };
		99B6A49B153AB3C40062C4A6 /* DictView.mm in Sources */ = {isa = PBXBuildFile; fileRef = 99B6A488153AB3C40062C4A6 /* DictView.mm */; };
		99B6A49E153AB3C40062C4A6 /* ImageChooser.mm in Sources */ = {isa = PBXBuildFile; fileRef = 99B6A48E153AB3C40062C4A6 /* ImageChooser.mm */; };
		99B6A49F153AB3C40062C4A6 /* DetailTableViewCell.mm in Sources */ = {isa = PBXBuildFile; fileRef = 99B6A490153AB3C40062C4A6 /* DetailTableViewCell.mm */; };
		99B6A4A0153AB3C40062C4A6 /* ResultWordsView.mm in Sources */ = {isa = PBXBuildFile; fileRef = 99B6A492153AB3C40062C4A6 /* ResultWordsView.mm */; };
		99B6A4A1153AB3C40062C4A6 /* SectionHeaderViewer.mm in Sources */ = {isa = PBXBuildFile; fileRef = 99B6A494153AB3C40062C4A6 /* SectionHeaderViewer.mm */; };
		99B6A4A2153AB3C40062C4A6 /* TooltipView.mm in Sources */ = {isa = PBXBuildFile; fileRef = 99B6A496153AB3C40062C4A6 /* TooltipView.mm */; };
		99C0827B1549A12500D43EE7 /* WaitView.m in Sources */ = {isa = PBXBuildFile; fileRef = 99C0827A1549A12500D43EE7 /* WaitView.m */; };
		99D587541585146F007160B4 /* Icon-72.png in Resources */ = {isa = PBXBuildFile; fileRef = 99D5874D1585146E007160B4 /* Icon-72.png */; };
		99D587551585146F007160B4 /* Icon-Small-50.png in Resources */ = {isa = PBXBuildFile; fileRef = 99D5874E1585146E007160B4 /* Icon-Small-50.png */; };
		99D587561585146F007160B4 /* Icon-Small.png in Resources */ = {isa = PBXBuildFile; fileRef = 99D5874F1585146E007160B4 /* Icon-Small.png */; };
		99D587571585146F007160B4 /* Icon-Small@2x.png in Resources */ = {isa = PBXBuildFile; fileRef = 99D587501585146E007160B4 /* Icon-Small@2x.png */; };
		99D587581585146F007160B4 /* Icon.png in Resources */ = {isa = PBXBuildFile; fileRef = 99D587511585146E007160B4 /* Icon.png */; };
		99D587591585146F007160B4 /* Icon@2x.png in Resources */ = {isa = PBXBuildFile; fileRef = 99D587521585146E007160B4 /* Icon@2x.png */; };
		99D5875A1585146F007160B4 /* iTunesArtwork in Resources */ = {isa = PBXBuildFile; fileRef = 99D587531585146F007160B4 /* iTunesArtwork */; };
		99D587631585147D007160B4 /* Icon-72.png in Resources */ = {isa = PBXBuildFile; fileRef = 99D5875C1585147D007160B4 /* Icon-72.png */; };
		99D587641585147D007160B4 /* Icon-Small-50.png in Resources */ = {isa = PBXBuildFile; fileRef = 99D5875D1585147D007160B4 /* Icon-Small-50.png */; };
		99D587651585147D007160B4 /* Icon-Small.png in Resources */ = {isa = PBXBuildFile; fileRef = 99D5875E1585147D007160B4 /* Icon-Small.png */; };
		99D587661585147D007160B4 /* Icon-Small@2x.png in Resources */ = {isa = PBXBuildFile; fileRef = 99D5875F1585147D007160B4 /* Icon-Small@2x.png */; };
		99D587671585147D007160B4 /* Icon.png in Resources */ = {isa = PBXBuildFile; fileRef = 99D587601585147D007160B4 /* Icon.png */; };
		99D587681585147D007160B4 /* Icon@2x.png in Resources */ = {isa = PBXBuildFile; fileRef = 99D587611585147D007160B4 /* Icon@2x.png */; };
		99D587691585147D007160B4 /* iTunesArtwork in Resources */ = {isa = PBXBuildFile; fileRef = 99D587621585147D007160B4 /* iTunesArtwork */; };
		FE02A21E15762665006ADF45 /* d_e in Resources */ = {isa = PBXBuildFile; fileRef = FE02A21D15762665006ADF45 /* d_e */; };
		FE02A21F15762665006ADF45 /* d_e in Resources */ = {isa = PBXBuildFile; fileRef = FE02A21D15762665006ADF45 /* d_e */; };
		FE02A23115788307006ADF45 /* w_e in Resources */ = {isa = PBXBuildFile; fileRef = FE02A23015788307006ADF45 /* w_e */; };
		FE02A23215788307006ADF45 /* w_e in Resources */ = {isa = PBXBuildFile; fileRef = FE02A23015788307006ADF45 /* w_e */; };
		FE02A23715789890006ADF45 /* Default.png in Resources */ = {isa = PBXBuildFile; fileRef = FE02A2331578988F006ADF45 /* Default.png */; };
		FE02A23815789890006ADF45 /* Default.png in Resources */ = {isa = PBXBuildFile; fileRef = FE02A2331578988F006ADF45 /* Default.png */; };
		FE02A23915789890006ADF45 /* Default@2x.png in Resources */ = {isa = PBXBuildFile; fileRef = FE02A23415789890006ADF45 /* Default@2x.png */; };
		FE02A23A15789890006ADF45 /* Default@2x.png in Resources */ = {isa = PBXBuildFile; fileRef = FE02A23415789890006ADF45 /* Default@2x.png */; };
		FE02A23B15789890006ADF45 /* Default~ipad.png in Resources */ = {isa = PBXBuildFile; fileRef = FE02A23515789890006ADF45 /* Default~ipad.png */; };
		FE02A23C15789890006ADF45 /* Default~ipad.png in Resources */ = {isa = PBXBuildFile; fileRef = FE02A23515789890006ADF45 /* Default~ipad.png */; };
		FE02A23D15789890006ADF45 /* Default~ipad@2x.png in Resources */ = {isa = PBXBuildFile; fileRef = FE02A23615789890006ADF45 /* Default~ipad@2x.png */; };
		FE02A23E15789890006ADF45 /* Default~ipad@2x.png in Resources */ = {isa = PBXBuildFile; fileRef = FE02A23615789890006ADF45 /* Default~ipad@2x.png */; };
/* End PBXBuildFile section */

/* Begin PBXBuildRule section */
		1F7D48F015521DF200238BAC /* PBXBuildRule */ = {
			isa = PBXBuildRule;
			compilerSpec = com.apple.compilers.proxy.script;
			fileType = pattern.proxy;
			isEditable = 1;
			outputFiles = (
			);
		};
		1FD1F291156CEB0B000A1786 /* PBXBuildRule */ = {
			isa = PBXBuildRule;
			compilerSpec = com.apple.compilers.proxy.script;
			fileType = pattern.proxy;
			isEditable = 1;
			outputFiles = (
			);
		};
/* End PBXBuildRule section */

/* Begin PBXFileReference section */
		1F74D1DD153BBDF6009B27D1 /* DropDownButton.h */ = {isa = PBXFileReference; fileEncoding = 4; lastKnownFileType = sourcecode.c.h; path = DropDownButton.h; sourceTree = "<group>"; };
		1F74D1DE153BBDF6009B27D1 /* DropDownButton.mm */ = {isa = PBXFileReference; fileEncoding = 4; lastKnownFileType = sourcecode.cpp.objcpp; path = DropDownButton.mm; sourceTree = "<group>"; };
		1F74D1E1153BC225009B27D1 /* settings.png */ = {isa = PBXFileReference; lastKnownFileType = image.png; path = settings.png; sourceTree = "<group>"; };
		1F74D1E2153BC225009B27D1 /* title.png */ = {isa = PBXFileReference; lastKnownFileType = image.png; path = title.png; sourceTree = "<group>"; };
		1F74D1E5153BE8D4009B27D1 /* TileTableViewCell.h */ = {isa = PBXFileReference; fileEncoding = 4; lastKnownFileType = sourcecode.c.h; path = TileTableViewCell.h; sourceTree = "<group>"; };
		1F74D1E6153BE8D6009B27D1 /* TileTableViewCell.mm */ = {isa = PBXFileReference; fileEncoding = 4; lastKnownFileType = sourcecode.cpp.objcpp; path = TileTableViewCell.mm; sourceTree = "<group>"; };
		1F8D2C35151DA348003DB451 /* Draw Dict Free.app */ = {isa = PBXFileReference; explicitFileType = wrapper.application; includeInIndex = 0; path = "Draw Dict Free.app"; sourceTree = BUILT_PRODUCTS_DIR; };
		1F8D2C39151DA348003DB451 /* UIKit.framework */ = {isa = PBXFileReference; lastKnownFileType = wrapper.framework; name = UIKit.framework; path = System/Library/Frameworks/UIKit.framework; sourceTree = SDKROOT; };
		1F8D2C3B151DA348003DB451 /* Foundation.framework */ = {isa = PBXFileReference; lastKnownFileType = wrapper.framework; name = Foundation.framework; path = System/Library/Frameworks/Foundation.framework; sourceTree = SDKROOT; };
		1F8D2C3D151DA348003DB451 /* CoreGraphics.framework */ = {isa = PBXFileReference; lastKnownFileType = wrapper.framework; name = CoreGraphics.framework; path = System/Library/Frameworks/CoreGraphics.framework; sourceTree = SDKROOT; };
		1F8D2C43151DA348003DB451 /* en */ = {isa = PBXFileReference; lastKnownFileType = text.plist.strings; name = en; path = en.lproj/InfoPlist.strings; sourceTree = "<group>"; };
		1F8D2C45151DA348003DB451 /* main.m */ = {isa = PBXFileReference; lastKnownFileType = sourcecode.c.objc; path = main.m; sourceTree = "<group>"; };
		1F8D2C47151DA348003DB451 /* tcidsd-Prefix.pch */ = {isa = PBXFileReference; lastKnownFileType = sourcecode.c.h; path = "tcidsd-Prefix.pch"; sourceTree = "<group>"; };
		1F8D2C48151DA348003DB451 /* AppDelegate.h */ = {isa = PBXFileReference; lastKnownFileType = sourcecode.c.h; path = AppDelegate.h; sourceTree = "<group>"; };
		1F8D2C49151DA348003DB451 /* AppDelegate.mm */ = {isa = PBXFileReference; lastKnownFileType = sourcecode.cpp.objcpp; path = AppDelegate.mm; sourceTree = "<group>"; };
		1F8D2C4B151DA348003DB451 /* ViewController.h */ = {isa = PBXFileReference; lastKnownFileType = sourcecode.c.h; path = ViewController.h; sourceTree = "<group>"; };
		1F8D2C4C151DA348003DB451 /* ViewController.mm */ = {isa = PBXFileReference; lastKnownFileType = sourcecode.cpp.objcpp; path = ViewController.mm; sourceTree = "<group>"; };
		1F8D2C4F151DA348003DB451 /* en */ = {isa = PBXFileReference; lastKnownFileType = file.xib; name = en; path = en.lproj/ViewController_iPhone.xib; sourceTree = "<group>"; };
		1F8D2C52151DA348003DB451 /* en */ = {isa = PBXFileReference; lastKnownFileType = file.xib; name = en; path = en.lproj/ViewController_iPad.xib; sourceTree = "<group>"; };
		1FD1F295156CEB0B000A1786 /* Draw Dict.app */ = {isa = PBXFileReference; explicitFileType = wrapper.application; includeInIndex = 0; path = "Draw Dict.app"; sourceTree = BUILT_PRODUCTS_DIR; };
		1FEB2535153D3CBE002F9C5A /* AudioToolbox.framework */ = {isa = PBXFileReference; lastKnownFileType = wrapper.framework; name = AudioToolbox.framework; path = System/Library/Frameworks/AudioToolbox.framework; sourceTree = SDKROOT; };
		1FEB2537153D3CD5002F9C5A /* MessageUI.framework */ = {isa = PBXFileReference; lastKnownFileType = wrapper.framework; name = MessageUI.framework; path = System/Library/Frameworks/MessageUI.framework; sourceTree = SDKROOT; };
		1FEB2539153D3D08002F9C5A /* SystemConfiguration.framework */ = {isa = PBXFileReference; lastKnownFileType = wrapper.framework; name = SystemConfiguration.framework; path = System/Library/Frameworks/SystemConfiguration.framework; sourceTree = SDKROOT; };
		99869945153DDB3D00B85BB7 /* btnsnapshot.png */ = {isa = PBXFileReference; lastKnownFileType = image.png; path = btnsnapshot.png; sourceTree = "<group>"; };
		99869946153DDB3D00B85BB7 /* btnsnapshothover.png */ = {isa = PBXFileReference; lastKnownFileType = image.png; path = btnsnapshothover.png; sourceTree = "<group>"; };
		99869947153DDB3D00B85BB7 /* reset.png */ = {isa = PBXFileReference; lastKnownFileType = image.png; path = reset.png; sourceTree = "<group>"; };
		99869948153DDB3D00B85BB7 /* resethover.png */ = {isa = PBXFileReference; lastKnownFileType = image.png; path = resethover.png; sourceTree = "<group>"; };
		99AFBD3D1540622C00366B31 /* chars.png */ = {isa = PBXFileReference; lastKnownFileType = image.png; path = chars.png; sourceTree = "<group>"; };
		99B51550158432CA00D0E739 /* GADBannerView.h */ = {isa = PBXFileReference; fileEncoding = 4; lastKnownFileType = sourcecode.c.h; path = GADBannerView.h; sourceTree = "<group>"; };
		99B51551158432CA00D0E739 /* GADBannerViewDelegate.h */ = {isa = PBXFileReference; fileEncoding = 4; lastKnownFileType = sourcecode.c.h; path = GADBannerViewDelegate.h; sourceTree = "<group>"; };
		99B51552158432CA00D0E739 /* GADInterstitial.h */ = {isa = PBXFileReference; fileEncoding = 4; lastKnownFileType = sourcecode.c.h; path = GADInterstitial.h; sourceTree = "<group>"; };
		99B51553158432CA00D0E739 /* GADInterstitialDelegate.h */ = {isa = PBXFileReference; fileEncoding = 4; lastKnownFileType = sourcecode.c.h; path = GADInterstitialDelegate.h; sourceTree = "<group>"; };
		99B51554158432CA00D0E739 /* GADRequest.h */ = {isa = PBXFileReference; fileEncoding = 4; lastKnownFileType = sourcecode.c.h; path = GADRequest.h; sourceTree = "<group>"; };
		99B51555158432CA00D0E739 /* GADRequestError.h */ = {isa = PBXFileReference; fileEncoding = 4; lastKnownFileType = sourcecode.c.h; path = GADRequestError.h; sourceTree = "<group>"; };
		99B51556158432CA00D0E739 /* libGoogleAdMobAds.a */ = {isa = PBXFileReference; lastKnownFileType = archive.ar; path = libGoogleAdMobAds.a; sourceTree = "<group>"; };
		99B5155B158432F900D0E739 /* AdWhirlAdapterBrightRoll.h */ = {isa = PBXFileReference; fileEncoding = 4; lastKnownFileType = sourcecode.c.h; path = AdWhirlAdapterBrightRoll.h; sourceTree = "<group>"; };
		99B5155D158432F900D0E739 /* AdWhirlAdapterGoogleAdMobAds.h */ = {isa = PBXFileReference; fileEncoding = 4; lastKnownFileType = sourcecode.c.h; path = AdWhirlAdapterGoogleAdMobAds.h; sourceTree = "<group>"; };
		99B5155E158432F900D0E739 /* AdWhirlAdapterGoogleAdMobAds.m */ = {isa = PBXFileReference; fileEncoding = 4; lastKnownFileType = sourcecode.c.objc; path = AdWhirlAdapterGoogleAdMobAds.m; sourceTree = "<group>"; };
		99B5155F158432F900D0E739 /* AdWhirlAdapterGoogleAdSense.h */ = {isa = PBXFileReference; fileEncoding = 4; lastKnownFileType = sourcecode.c.h; path = AdWhirlAdapterGoogleAdSense.h; sourceTree = "<group>"; };
		99B51561158432F900D0E739 /* AdWhirlAdapterGreystripe.h */ = {isa = PBXFileReference; fileEncoding = 4; lastKnownFileType = sourcecode.c.h; path = AdWhirlAdapterGreystripe.h; sourceTree = "<group>"; };
		99B51563158432F900D0E739 /* AdWhirlAdapterIAd.h */ = {isa = PBXFileReference; fileEncoding = 4; lastKnownFileType = sourcecode.c.h; path = AdWhirlAdapterIAd.h; sourceTree = "<group>"; };
		99B51564158432F900D0E739 /* AdWhirlAdapterIAd.m */ = {isa = PBXFileReference; fileEncoding = 4; lastKnownFileType = sourcecode.c.objc; path = AdWhirlAdapterIAd.m; sourceTree = "<group>"; };
		99B51565158432F900D0E739 /* AdWhirlAdapterInMobi.h */ = {isa = PBXFileReference; fileEncoding = 4; lastKnownFileType = sourcecode.c.h; path = AdWhirlAdapterInMobi.h; sourceTree = "<group>"; };
		99B51567158432F900D0E739 /* AdWhirlAdapterJumpTap.h */ = {isa = PBXFileReference; fileEncoding = 4; lastKnownFileType = sourcecode.c.h; path = AdWhirlAdapterJumpTap.h; sourceTree = "<group>"; };
		99B51569158432F900D0E739 /* AdWhirlAdapterMdotM.h */ = {isa = PBXFileReference; fileEncoding = 4; lastKnownFileType = sourcecode.c.h; path = AdWhirlAdapterMdotM.h; sourceTree = "<group>"; };
		99B5156B158432F900D0E739 /* AdWhirlAdapterMillennial.h */ = {isa = PBXFileReference; fileEncoding = 4; lastKnownFileType = sourcecode.c.h; path = AdWhirlAdapterMillennial.h; sourceTree = "<group>"; };
		99B5156D158432F900D0E739 /* AdWhirlAdapterNexage.h */ = {isa = PBXFileReference; fileEncoding = 4; lastKnownFileType = sourcecode.c.h; path = AdWhirlAdapterNexage.h; sourceTree = "<group>"; };
		99B5156F158432F900D0E739 /* AdWhirlAdapterOneRiot.h */ = {isa = PBXFileReference; fileEncoding = 4; lastKnownFileType = sourcecode.c.h; path = AdWhirlAdapterOneRiot.h; sourceTree = "<group>"; };
		99B51571158432F900D0E739 /* AdWhirlAdapterQuattro.h */ = {isa = PBXFileReference; fileEncoding = 4; lastKnownFileType = sourcecode.c.h; path = AdWhirlAdapterQuattro.h; sourceTree = "<group>"; };
		99B51573158432F900D0E739 /* AdWhirlAdapterVideoEgg.h */ = {isa = PBXFileReference; fileEncoding = 4; lastKnownFileType = sourcecode.c.h; path = AdWhirlAdapterVideoEgg.h; sourceTree = "<group>"; };
		99B51575158432F900D0E739 /* AdWhirlAdapterZestADZ.h */ = {isa = PBXFileReference; fileEncoding = 4; lastKnownFileType = sourcecode.c.h; path = AdWhirlAdapterZestADZ.h; sourceTree = "<group>"; };
		99B51577158432F900D0E739 /* AdWhirlAdNetworkAdapter.h */ = {isa = PBXFileReference; fileEncoding = 4; lastKnownFileType = sourcecode.c.h; path = AdWhirlAdNetworkAdapter.h; sourceTree = "<group>"; };
		99B51578158432F900D0E739 /* AdWhirlDelegateProtocol.h */ = {isa = PBXFileReference; fileEncoding = 4; lastKnownFileType = sourcecode.c.h; path = AdWhirlDelegateProtocol.h; sourceTree = "<group>"; };
		99B51579158432F900D0E739 /* AdWhirlView.h */ = {isa = PBXFileReference; fileEncoding = 4; lastKnownFileType = sourcecode.c.h; path = AdWhirlView.h; sourceTree = "<group>"; };
		99B5157B158432F900D0E739 /* AdWhirlAdapterCustom.h */ = {isa = PBXFileReference; fileEncoding = 4; lastKnownFileType = sourcecode.c.h; path = AdWhirlAdapterCustom.h; sourceTree = "<group>"; };
		99B5157C158432F900D0E739 /* AdWhirlAdapterCustom.m */ = {isa = PBXFileReference; fileEncoding = 4; lastKnownFileType = sourcecode.c.objc; path = AdWhirlAdapterCustom.m; sourceTree = "<group>"; };
		99B5157D158432F900D0E739 /* AdWhirlAdapterEvent.h */ = {isa = PBXFileReference; fileEncoding = 4; lastKnownFileType = sourcecode.c.h; path = AdWhirlAdapterEvent.h; sourceTree = "<group>"; };
		99B5157E158432F900D0E739 /* AdWhirlAdapterEvent.m */ = {isa = PBXFileReference; fileEncoding = 4; lastKnownFileType = sourcecode.c.objc; path = AdWhirlAdapterEvent.m; sourceTree = "<group>"; };
		99B5157F158432F900D0E739 /* AdWhirlAdapterGeneric.h */ = {isa = PBXFileReference; fileEncoding = 4; lastKnownFileType = sourcecode.c.h; path = AdWhirlAdapterGeneric.h; sourceTree = "<group>"; };
		99B51580158432F900D0E739 /* AdWhirlAdapterGeneric.m */ = {isa = PBXFileReference; fileEncoding = 4; lastKnownFileType = sourcecode.c.objc; path = AdWhirlAdapterGeneric.m; sourceTree = "<group>"; };
		99B51581158432F900D0E739 /* AdWhirlAdNetworkAdapter+Helpers.h */ = {isa = PBXFileReference; fileEncoding = 4; lastKnownFileType = sourcecode.c.h; path = "AdWhirlAdNetworkAdapter+Helpers.h"; sourceTree = "<group>"; };
		99B51582158432F900D0E739 /* AdWhirlAdNetworkAdapter+Helpers.m */ = {isa = PBXFileReference; fileEncoding = 4; lastKnownFileType = sourcecode.c.objc; path = "AdWhirlAdNetworkAdapter+Helpers.m"; sourceTree = "<group>"; };
		99B51583158432F900D0E739 /* AdWhirlAdNetworkAdapter.m */ = {isa = PBXFileReference; fileEncoding = 4; lastKnownFileType = sourcecode.c.objc; path = AdWhirlAdNetworkAdapter.m; sourceTree = "<group>"; };
		99B51584158432F900D0E739 /* AdWhirlAdNetworkConfig.h */ = {isa = PBXFileReference; fileEncoding = 4; lastKnownFileType = sourcecode.c.h; path = AdWhirlAdNetworkConfig.h; sourceTree = "<group>"; };
		99B51585158432F900D0E739 /* AdWhirlAdNetworkConfig.m */ = {isa = PBXFileReference; fileEncoding = 4; lastKnownFileType = sourcecode.c.objc; path = AdWhirlAdNetworkConfig.m; sourceTree = "<group>"; };
		99B51586158432F900D0E739 /* AdWhirlAdNetworkRegistry.h */ = {isa = PBXFileReference; fileEncoding = 4; lastKnownFileType = sourcecode.c.h; path = AdWhirlAdNetworkRegistry.h; sourceTree = "<group>"; };
		99B51587158432F900D0E739 /* AdWhirlAdNetworkRegistry.m */ = {isa = PBXFileReference; fileEncoding = 4; lastKnownFileType = sourcecode.c.objc; path = AdWhirlAdNetworkRegistry.m; sourceTree = "<group>"; };
		99B51588158432F900D0E739 /* AdWhirlClassWrapper.h */ = {isa = PBXFileReference; fileEncoding = 4; lastKnownFileType = sourcecode.c.h; path = AdWhirlClassWrapper.h; sourceTree = "<group>"; };
		99B51589158432F900D0E739 /* AdWhirlClassWrapper.m */ = {isa = PBXFileReference; fileEncoding = 4; lastKnownFileType = sourcecode.c.objc; path = AdWhirlClassWrapper.m; sourceTree = "<group>"; };
		99B5158A158432F900D0E739 /* AdWhirlConfig.h */ = {isa = PBXFileReference; fileEncoding = 4; lastKnownFileType = sourcecode.c.h; path = AdWhirlConfig.h; sourceTree = "<group>"; };
		99B5158B158432F900D0E739 /* AdWhirlConfig.m */ = {isa = PBXFileReference; fileEncoding = 4; lastKnownFileType = sourcecode.c.objc; path = AdWhirlConfig.m; sourceTree = "<group>"; };
		99B5158C158432F900D0E739 /* AdWhirlConfigStore.h */ = {isa = PBXFileReference; fileEncoding = 4; lastKnownFileType = sourcecode.c.h; path = AdWhirlConfigStore.h; sourceTree = "<group>"; };
		99B5158D158432F900D0E739 /* AdWhirlConfigStore.m */ = {isa = PBXFileReference; fileEncoding = 4; lastKnownFileType = sourcecode.c.objc; path = AdWhirlConfigStore.m; sourceTree = "<group>"; };
		99B5158E158432F900D0E739 /* AdWhirlCustomAdView.h */ = {isa = PBXFileReference; fileEncoding = 4; lastKnownFileType = sourcecode.c.h; path = AdWhirlCustomAdView.h; sourceTree = "<group>"; };
		99B5158F158432F900D0E739 /* AdWhirlCustomAdView.m */ = {isa = PBXFileReference; fileEncoding = 4; lastKnownFileType = sourcecode.c.objc; path = AdWhirlCustomAdView.m; sourceTree = "<group>"; };
		99B51590158432F900D0E739 /* AdWhirlError.h */ = {isa = PBXFileReference; fileEncoding = 4; lastKnownFileType = sourcecode.c.h; path = AdWhirlError.h; sourceTree = "<group>"; };
		99B51591158432F900D0E739 /* AdWhirlError.m */ = {isa = PBXFileReference; fileEncoding = 4; lastKnownFileType = sourcecode.c.objc; path = AdWhirlError.m; sourceTree = "<group>"; };
		99B51592158432F900D0E739 /* AdWhirlLog.h */ = {isa = PBXFileReference; fileEncoding = 4; lastKnownFileType = sourcecode.c.h; path = AdWhirlLog.h; sourceTree = "<group>"; };
		99B51593158432F900D0E739 /* AdWhirlLog.m */ = {isa = PBXFileReference; fileEncoding = 4; lastKnownFileType = sourcecode.c.objc; path = AdWhirlLog.m; sourceTree = "<group>"; };
		99B51594158432F900D0E739 /* AdWhirlView+.h */ = {isa = PBXFileReference; fileEncoding = 4; lastKnownFileType = sourcecode.c.h; path = "AdWhirlView+.h"; sourceTree = "<group>"; };
		99B51595158432F900D0E739 /* AdWhirlView.m */ = {isa = PBXFileReference; fileEncoding = 4; lastKnownFileType = sourcecode.c.objc; path = AdWhirlView.m; sourceTree = "<group>"; };
		99B51596158432F900D0E739 /* AdWhirlWebBrowser.xib */ = {isa = PBXFileReference; fileEncoding = 4; lastKnownFileType = file.xib; path = AdWhirlWebBrowser.xib; sourceTree = "<group>"; };
		99B51597158432F900D0E739 /* AdWhirlWebBrowserController.h */ = {isa = PBXFileReference; fileEncoding = 4; lastKnownFileType = sourcecode.c.h; path = AdWhirlWebBrowserController.h; sourceTree = "<group>"; };
		99B51598158432F900D0E739 /* AdWhirlWebBrowserController.m */ = {isa = PBXFileReference; fileEncoding = 4; lastKnownFileType = sourcecode.c.objc; path = AdWhirlWebBrowserController.m; sourceTree = "<group>"; };
		99B51599158432F900D0E739 /* ARRollerView.m */ = {isa = PBXFileReference; fileEncoding = 4; lastKnownFileType = sourcecode.c.objc; path = ARRollerView.m; sourceTree = "<group>"; };
		99B5159A158432F900D0E739 /* AWNetworkReachabilityDelegate.h */ = {isa = PBXFileReference; fileEncoding = 4; lastKnownFileType = sourcecode.c.h; path = AWNetworkReachabilityDelegate.h; sourceTree = "<group>"; };
		99B5159B158432F900D0E739 /* AWNetworkReachabilityWrapper.h */ = {isa = PBXFileReference; fileEncoding = 4; lastKnownFileType = sourcecode.c.h; path = AWNetworkReachabilityWrapper.h; sourceTree = "<group>"; };
		99B5159C158432F900D0E739 /* AWNetworkReachabilityWrapper.m */ = {isa = PBXFileReference; fileEncoding = 4; lastKnownFileType = sourcecode.c.objc; path = AWNetworkReachabilityWrapper.m; sourceTree = "<group>"; };
		99B5159D158432F900D0E739 /* UIColor+AdWhirlConfig.h */ = {isa = PBXFileReference; fileEncoding = 4; lastKnownFileType = sourcecode.c.h; path = "UIColor+AdWhirlConfig.h"; sourceTree = "<group>"; };
		99B5159E158432F900D0E739 /* UIColor+AdWhirlConfig.m */ = {isa = PBXFileReference; fileEncoding = 4; lastKnownFileType = sourcecode.c.objc; path = "UIColor+AdWhirlConfig.m"; sourceTree = "<group>"; };
		99B515A0158432F900D0E739 /* ARRollerProtocol.h */ = {isa = PBXFileReference; fileEncoding = 4; lastKnownFileType = sourcecode.c.h; path = ARRollerProtocol.h; sourceTree = "<group>"; };
		99B515A1158432F900D0E739 /* ARRollerView.h */ = {isa = PBXFileReference; fileEncoding = 4; lastKnownFileType = sourcecode.c.h; path = ARRollerView.h; sourceTree = "<group>"; };
		99B516101584342800D0E739 /* CDataScanner.h */ = {isa = PBXFileReference; fileEncoding = 4; lastKnownFileType = sourcecode.c.h; path = CDataScanner.h; sourceTree = "<group>"; };
		99B516111584342800D0E739 /* CDataScanner.m */ = {isa = PBXFileReference; fileEncoding = 4; lastKnownFileType = sourcecode.c.objc; path = CDataScanner.m; sourceTree = "<group>"; };
		99B516131584342800D0E739 /* CDataScanner_Extensions.h */ = {isa = PBXFileReference; fileEncoding = 4; lastKnownFileType = sourcecode.c.h; path = CDataScanner_Extensions.h; sourceTree = "<group>"; };
		99B516141584342800D0E739 /* CDataScanner_Extensions.m */ = {isa = PBXFileReference; fileEncoding = 4; lastKnownFileType = sourcecode.c.objc; path = CDataScanner_Extensions.m; sourceTree = "<group>"; };
		99B516151584342800D0E739 /* NSCharacterSet_Extensions.h */ = {isa = PBXFileReference; fileEncoding = 4; lastKnownFileType = sourcecode.c.h; path = NSCharacterSet_Extensions.h; sourceTree = "<group>"; };
		99B516161584342800D0E739 /* NSCharacterSet_Extensions.m */ = {isa = PBXFileReference; fileEncoding = 4; lastKnownFileType = sourcecode.c.objc; path = NSCharacterSet_Extensions.m; sourceTree = "<group>"; };
		99B516171584342800D0E739 /* NSDictionary_JSONExtensions.h */ = {isa = PBXFileReference; fileEncoding = 4; lastKnownFileType = sourcecode.c.h; path = NSDictionary_JSONExtensions.h; sourceTree = "<group>"; };
		99B516181584342800D0E739 /* NSDictionary_JSONExtensions.m */ = {isa = PBXFileReference; fileEncoding = 4; lastKnownFileType = sourcecode.c.objc; path = NSDictionary_JSONExtensions.m; sourceTree = "<group>"; };
		99B516191584342800D0E739 /* NSScanner_Extensions.h */ = {isa = PBXFileReference; fileEncoding = 4; lastKnownFileType = sourcecode.c.h; path = NSScanner_Extensions.h; sourceTree = "<group>"; };
		99B5161A1584342800D0E739 /* NSScanner_Extensions.m */ = {isa = PBXFileReference; fileEncoding = 4; lastKnownFileType = sourcecode.c.objc; path = NSScanner_Extensions.m; sourceTree = "<group>"; };
		99B5161C1584342800D0E739 /* CJSONDataSerializer.h */ = {isa = PBXFileReference; fileEncoding = 4; lastKnownFileType = sourcecode.c.h; path = CJSONDataSerializer.h; sourceTree = "<group>"; };
		99B5161D1584342800D0E739 /* CJSONDataSerializer.m */ = {isa = PBXFileReference; fileEncoding = 4; lastKnownFileType = sourcecode.c.objc; path = CJSONDataSerializer.m; sourceTree = "<group>"; };
		99B5161E1584342800D0E739 /* CJSONDeserializer.h */ = {isa = PBXFileReference; fileEncoding = 4; lastKnownFileType = sourcecode.c.h; path = CJSONDeserializer.h; sourceTree = "<group>"; };
		99B5161F1584342800D0E739 /* CJSONDeserializer.m */ = {isa = PBXFileReference; fileEncoding = 4; lastKnownFileType = sourcecode.c.objc; path = CJSONDeserializer.m; sourceTree = "<group>"; };
		99B516201584342800D0E739 /* CJSONScanner.h */ = {isa = PBXFileReference; fileEncoding = 4; lastKnownFileType = sourcecode.c.h; path = CJSONScanner.h; sourceTree = "<group>"; };
		99B516211584342800D0E739 /* CJSONScanner.m */ = {isa = PBXFileReference; fileEncoding = 4; lastKnownFileType = sourcecode.c.objc; path = CJSONScanner.m; sourceTree = "<group>"; };
		99B516221584342800D0E739 /* CJSONSerializer.h */ = {isa = PBXFileReference; fileEncoding = 4; lastKnownFileType = sourcecode.c.h; path = CJSONSerializer.h; sourceTree = "<group>"; };
		99B516231584342800D0E739 /* CJSONSerializer.m */ = {isa = PBXFileReference; fileEncoding = 4; lastKnownFileType = sourcecode.c.objc; path = CJSONSerializer.m; sourceTree = "<group>"; };
		99B516241584342800D0E739 /* CSerializedJSONData.h */ = {isa = PBXFileReference; fileEncoding = 4; lastKnownFileType = sourcecode.c.h; path = CSerializedJSONData.h; sourceTree = "<group>"; };
		99B516251584342800D0E739 /* CSerializedJSONData.m */ = {isa = PBXFileReference; fileEncoding = 4; lastKnownFileType = sourcecode.c.objc; path = CSerializedJSONData.m; sourceTree = "<group>"; };
		99B5163A158434E800D0E739 /* iAd.framework */ = {isa = PBXFileReference; lastKnownFileType = wrapper.framework; name = iAd.framework; path = System/Library/Frameworks/iAd.framework; sourceTree = SDKROOT; };
		99B5163C158434F300D0E739 /* AVFoundation.framework */ = {isa = PBXFileReference; lastKnownFileType = wrapper.framework; name = AVFoundation.framework; path = System/Library/Frameworks/AVFoundation.framework; sourceTree = SDKROOT; };
		99B516401584350800D0E739 /* CoreLocation.framework */ = {isa = PBXFileReference; lastKnownFileType = wrapper.framework; name = CoreLocation.framework; path = System/Library/Frameworks/CoreLocation.framework; sourceTree = SDKROOT; };
		99B516481584370C00D0E739 /* AddressBook.framework */ = {isa = PBXFileReference; lastKnownFileType = wrapper.framework; name = AddressBook.framework; path = System/Library/Frameworks/AddressBook.framework; sourceTree = SDKROOT; };
		99B5164B1584373D00D0E739 /* libsqlite3.dylib */ = {isa = PBXFileReference; lastKnownFileType = "compiled.mach-o.dylib"; name = libsqlite3.dylib; path = usr/lib/libsqlite3.dylib; sourceTree = SDKROOT; };
		99B5164D1584375200D0E739 /* libz.dylib */ = {isa = PBXFileReference; lastKnownFileType = "compiled.mach-o.dylib"; name = libz.dylib; path = usr/lib/libz.dylib; sourceTree = SDKROOT; };
		99B5164F1584375B00D0E739 /* MapKit.framework */ = {isa = PBXFileReference; lastKnownFileType = wrapper.framework; name = MapKit.framework; path = System/Library/Frameworks/MapKit.framework; sourceTree = SDKROOT; };
		99B516511584377F00D0E739 /* QuartzCore.framework */ = {isa = PBXFileReference; lastKnownFileType = wrapper.framework; name = QuartzCore.framework; path = System/Library/Frameworks/QuartzCore.framework; sourceTree = SDKROOT; };
		99B6A46A153AB3B70062C4A6 /* DictCore.h */ = {isa = PBXFileReference; fileEncoding = 4; lastKnownFileType = sourcecode.c.h; path = DictCore.h; sourceTree = "<group>"; };
		99B6A46B153AB3B70062C4A6 /* DictCore.mm */ = {isa = PBXFileReference; fileEncoding = 4; lastKnownFileType = sourcecode.cpp.objcpp; path = DictCore.mm; sourceTree = "<group>"; };
		99B6A46C153AB3B70062C4A6 /* ImageCore.h */ = {isa = PBXFileReference; fileEncoding = 4; lastKnownFileType = sourcecode.c.h; path = ImageCore.h; sourceTree = "<group>"; };
		99B6A46D153AB3B70062C4A6 /* ImageCore.mm */ = {isa = PBXFileReference; fileEncoding = 4; lastKnownFileType = sourcecode.cpp.objcpp; path = ImageCore.mm; sourceTree = "<group>"; };
		99B6A46E153AB3B70062C4A6 /* ImageRecognizer.h */ = {isa = PBXFileReference; fileEncoding = 4; lastKnownFileType = sourcecode.c.h; path = ImageRecognizer.h; sourceTree = "<group>"; };
		99B6A46F153AB3B70062C4A6 /* ImageRecognizer.mm */ = {isa = PBXFileReference; fileEncoding = 4; lastKnownFileType = sourcecode.cpp.objcpp; path = ImageRecognizer.mm; sourceTree = "<group>"; };
		99B6A470153AB3B70062C4A6 /* Word.h */ = {isa = PBXFileReference; fileEncoding = 4; lastKnownFileType = sourcecode.c.h; path = Word.h; sourceTree = "<group>"; };
		99B6A471153AB3B70062C4A6 /* Word.mm */ = {isa = PBXFileReference; fileEncoding = 4; lastKnownFileType = sourcecode.cpp.objcpp; path = Word.mm; sourceTree = "<group>"; };
		99B6A473153AB3B70062C4A6 /* NSString+MD5Addition.h */ = {isa = PBXFileReference; fileEncoding = 4; lastKnownFileType = sourcecode.c.h; path = "NSString+MD5Addition.h"; sourceTree = "<group>"; };
		99B6A474153AB3B70062C4A6 /* NSString+MD5Addition.m */ = {isa = PBXFileReference; fileEncoding = 4; lastKnownFileType = sourcecode.c.objc; path = "NSString+MD5Addition.m"; sourceTree = "<group>"; };
		99B6A475153AB3B70062C4A6 /* UIDevice+IdentifierAddition.h */ = {isa = PBXFileReference; fileEncoding = 4; lastKnownFileType = sourcecode.c.h; path = "UIDevice+IdentifierAddition.h"; sourceTree = "<group>"; };
		99B6A476153AB3B70062C4A6 /* UIDevice+IdentifierAddition.m */ = {isa = PBXFileReference; fileEncoding = 4; lastKnownFileType = sourcecode.c.objc; path = "UIDevice+IdentifierAddition.m"; sourceTree = "<group>"; };
		99B6A47E153AB3C30062C4A6 /* ColorUtil.h */ = {isa = PBXFileReference; fileEncoding = 4; lastKnownFileType = sourcecode.c.h; path = ColorUtil.h; sourceTree = "<group>"; };
		99B6A47F153AB3C30062C4A6 /* ColorUtil.mm */ = {isa = PBXFileReference; fileEncoding = 4; lastKnownFileType = sourcecode.cpp.objcpp; path = ColorUtil.mm; sourceTree = "<group>"; };
		99B6A480153AB3C30062C4A6 /* DictUtil.h */ = {isa = PBXFileReference; fileEncoding = 4; lastKnownFileType = sourcecode.c.h; path = DictUtil.h; sourceTree = "<group>"; };
		99B6A481153AB3C30062C4A6 /* DictUtil.mm */ = {isa = PBXFileReference; fileEncoding = 4; lastKnownFileType = sourcecode.cpp.objcpp; path = DictUtil.mm; sourceTree = "<group>"; };
		99B6A482153AB3C30062C4A6 /* Global.h */ = {isa = PBXFileReference; fileEncoding = 4; lastKnownFileType = sourcecode.c.h; path = Global.h; sourceTree = "<group>"; };
		99B6A483153AB3C30062C4A6 /* Global.mm */ = {isa = PBXFileReference; fileEncoding = 4; lastKnownFileType = sourcecode.cpp.objcpp; path = Global.mm; sourceTree = "<group>"; };
		99B6A484153AB3C30062C4A6 /* SettingManager.h */ = {isa = PBXFileReference; fileEncoding = 4; lastKnownFileType = sourcecode.c.h; path = SettingManager.h; sourceTree = "<group>"; };
		99B6A485153AB3C30062C4A6 /* SettingManager.m */ = {isa = PBXFileReference; fileEncoding = 4; lastKnownFileType = sourcecode.c.objc; path = SettingManager.m; sourceTree = "<group>"; };
		99B6A487153AB3C40062C4A6 /* DictView.h */ = {isa = PBXFileReference; fileEncoding = 4; lastKnownFileType = sourcecode.c.h; path = DictView.h; sourceTree = "<group>"; };
		99B6A488153AB3C40062C4A6 /* DictView.mm */ = {isa = PBXFileReference; fileEncoding = 4; lastKnownFileType = sourcecode.cpp.objcpp; path = DictView.mm; sourceTree = "<group>"; };
		99B6A48D153AB3C40062C4A6 /* ImageChooser.h */ = {isa = PBXFileReference; fileEncoding = 4; lastKnownFileType = sourcecode.c.h; path = ImageChooser.h; sourceTree = "<group>"; };
		99B6A48E153AB3C40062C4A6 /* ImageChooser.mm */ = {isa = PBXFileReference; fileEncoding = 4; lastKnownFileType = sourcecode.cpp.objcpp; path = ImageChooser.mm; sourceTree = "<group>"; };
		99B6A48F153AB3C40062C4A6 /* DetailTableViewCell.h */ = {isa = PBXFileReference; fileEncoding = 4; lastKnownFileType = sourcecode.c.h; path = DetailTableViewCell.h; sourceTree = "<group>"; };
		99B6A490153AB3C40062C4A6 /* DetailTableViewCell.mm */ = {isa = PBXFileReference; fileEncoding = 4; lastKnownFileType = sourcecode.cpp.objcpp; path = DetailTableViewCell.mm; sourceTree = "<group>"; };
		99B6A491153AB3C40062C4A6 /* ResultWordsView.h */ = {isa = PBXFileReference; fileEncoding = 4; lastKnownFileType = sourcecode.c.h; path = ResultWordsView.h; sourceTree = "<group>"; };
		99B6A492153AB3C40062C4A6 /* ResultWordsView.mm */ = {isa = PBXFileReference; fileEncoding = 4; lastKnownFileType = sourcecode.cpp.objcpp; path = ResultWordsView.mm; sourceTree = "<group>"; };
		99B6A493153AB3C40062C4A6 /* SectionHeaderViewer.h */ = {isa = PBXFileReference; fileEncoding = 4; lastKnownFileType = sourcecode.c.h; path = SectionHeaderViewer.h; sourceTree = "<group>"; };
		99B6A494153AB3C40062C4A6 /* SectionHeaderViewer.mm */ = {isa = PBXFileReference; fileEncoding = 4; lastKnownFileType = sourcecode.cpp.objcpp; path = SectionHeaderViewer.mm; sourceTree = "<group>"; };
		99B6A495153AB3C40062C4A6 /* TooltipView.h */ = {isa = PBXFileReference; fileEncoding = 4; lastKnownFileType = sourcecode.c.h; path = TooltipView.h; sourceTree = "<group>"; };
		99B6A496153AB3C40062C4A6 /* TooltipView.mm */ = {isa = PBXFileReference; fileEncoding = 4; lastKnownFileType = sourcecode.cpp.objcpp; path = TooltipView.mm; sourceTree = "<group>"; };
		99C082791549A12500D43EE7 /* WaitView.h */ = {isa = PBXFileReference; fileEncoding = 4; lastKnownFileType = sourcecode.c.h; path = WaitView.h; sourceTree = "<group>"; };
		99C0827A1549A12500D43EE7 /* WaitView.m */ = {isa = PBXFileReference; fileEncoding = 4; lastKnownFileType = sourcecode.c.objc; path = WaitView.m; sourceTree = "<group>"; };
		99D5874D1585146E007160B4 /* Icon-72.png */ = {isa = PBXFileReference; lastKnownFileType = image.png; path = "Icon-72.png"; sourceTree = "<group>"; };
		99D5874E1585146E007160B4 /* Icon-Small-50.png */ = {isa = PBXFileReference; lastKnownFileType = image.png; path = "Icon-Small-50.png"; sourceTree = "<group>"; };
		99D5874F1585146E007160B4 /* Icon-Small.png */ = {isa = PBXFileReference; lastKnownFileType = image.png; path = "Icon-Small.png"; sourceTree = "<group>"; };
		99D587501585146E007160B4 /* Icon-Small@2x.png */ = {isa = PBXFileReference; lastKnownFileType = image.png; path = "Icon-Small@2x.png"; sourceTree = "<group>"; };
		99D587511585146E007160B4 /* Icon.png */ = {isa = PBXFileReference; lastKnownFileType = image.png; path = Icon.png; sourceTree = "<group>"; };
		99D587521585146E007160B4 /* Icon@2x.png */ = {isa = PBXFileReference; lastKnownFileType = image.png; path = "Icon@2x.png"; sourceTree = "<group>"; };
		99D587531585146F007160B4 /* iTunesArtwork */ = {isa = PBXFileReference; lastKnownFileType = file; path = iTunesArtwork; sourceTree = "<group>"; };
		99D5875C1585147D007160B4 /* Icon-72.png */ = {isa = PBXFileReference; lastKnownFileType = image.png; path = "Icon-72.png"; sourceTree = "<group>"; };
		99D5875D1585147D007160B4 /* Icon-Small-50.png */ = {isa = PBXFileReference; lastKnownFileType = image.png; path = "Icon-Small-50.png"; sourceTree = "<group>"; };
		99D5875E1585147D007160B4 /* Icon-Small.png */ = {isa = PBXFileReference; lastKnownFileType = image.png; path = "Icon-Small.png"; sourceTree = "<group>"; };
		99D5875F1585147D007160B4 /* Icon-Small@2x.png */ = {isa = PBXFileReference; lastKnownFileType = image.png; path = "Icon-Small@2x.png"; sourceTree = "<group>"; };
		99D587601585147D007160B4 /* Icon.png */ = {isa = PBXFileReference; lastKnownFileType = image.png; path = Icon.png; sourceTree = "<group>"; };
		99D587611585147D007160B4 /* Icon@2x.png */ = {isa = PBXFileReference; lastKnownFileType = image.png; path = "Icon@2x.png"; sourceTree = "<group>"; };
		99D587621585147D007160B4 /* iTunesArtwork */ = {isa = PBXFileReference; lastKnownFileType = file; path = iTunesArtwork; sourceTree = "<group>"; };
		FE02A21D15762665006ADF45 /* d_e */ = {isa = PBXFileReference; fileEncoding = 4; lastKnownFileType = text; path = d_e; sourceTree = "<group>"; };
		FE02A23015788307006ADF45 /* w_e */ = {isa = PBXFileReference; fileEncoding = 4; lastKnownFileType = text; path = w_e; sourceTree = "<group>"; };
		FE02A2331578988F006ADF45 /* Default.png */ = {isa = PBXFileReference; lastKnownFileType = image.png; path = Default.png; sourceTree = "<group>"; };
		FE02A23415789890006ADF45 /* Default@2x.png */ = {isa = PBXFileReference; lastKnownFileType = image.png; path = "Default@2x.png"; sourceTree = "<group>"; };
		FE02A23515789890006ADF45 /* Default~ipad.png */ = {isa = PBXFileReference; lastKnownFileType = image.png; path = "Default~ipad.png"; sourceTree = "<group>"; };
		FE02A23615789890006ADF45 /* Default~ipad@2x.png */ = {isa = PBXFileReference; lastKnownFileType = image.png; path = "Default~ipad@2x.png"; sourceTree = "<group>"; };
/* End PBXFileReference section */

/* Begin PBXFrameworksBuildPhase section */
		1F8D2C32151DA348003DB451 /* Frameworks */ = {
			isa = PBXFrameworksBuildPhase;
			buildActionMask = 2147483647;
			files = (
				9997C67E158454850065C828 /* libGoogleAdMobAds.a in Frameworks */,
				99B516571584380A00D0E739 /* QuartzCore.framework in Frameworks */,
				99B51656158437F300D0E739 /* MapKit.framework in Frameworks */,
				99B51655158437EA00D0E739 /* libz.dylib in Frameworks */,
				99B51654158437E300D0E739 /* libsqlite3.dylib in Frameworks */,
				1FEB2536153D3CBE002F9C5A /* AudioToolbox.framework in Frameworks */,
				99B51653158437CF00D0E739 /* AddressBook.framework in Frameworks */,
				99B516411584350800D0E739 /* CoreLocation.framework in Frameworks */,
				99B5163D158434F300D0E739 /* AVFoundation.framework in Frameworks */,
				99B5163B158434E800D0E739 /* iAd.framework in Frameworks */,
				1FEB253A153D3D08002F9C5A /* SystemConfiguration.framework in Frameworks */,
				1FEB2538153D3CD5002F9C5A /* MessageUI.framework in Frameworks */,
				1F8D2C3A151DA348003DB451 /* UIKit.framework in Frameworks */,
				1F8D2C3C151DA348003DB451 /* Foundation.framework in Frameworks */,
				1F8D2C3E151DA348003DB451 /* CoreGraphics.framework in Frameworks */,
			);
			runOnlyForDeploymentPostprocessing = 0;
		};
		1FD1F272156CEB0B000A1786 /* Frameworks */ = {
			isa = PBXFrameworksBuildPhase;
			buildActionMask = 2147483647;
			files = (
				9997C6891584733A0065C828 /* iAd.framework in Frameworks */,
				99B516501584375B00D0E739 /* MapKit.framework in Frameworks */,
				99B516521584377F00D0E739 /* QuartzCore.framework in Frameworks */,
				99B5164E1584375200D0E739 /* libz.dylib in Frameworks */,
				99B5164C1584373D00D0E739 /* libsqlite3.dylib in Frameworks */,
				99B5164A1584372600D0E739 /* CoreLocation.framework in Frameworks */,
				1FD1F275156CEB0B000A1786 /* AudioToolbox.framework in Frameworks */,
				99B516491584370C00D0E739 /* AddressBook.framework in Frameworks */,
				99B516451584355B00D0E739 /* AVFoundation.framework in Frameworks */,
				1FD1F273156CEB0B000A1786 /* SystemConfiguration.framework in Frameworks */,
				1FD1F274156CEB0B000A1786 /* MessageUI.framework in Frameworks */,
				1FD1F276156CEB0B000A1786 /* UIKit.framework in Frameworks */,
				1FD1F277156CEB0B000A1786 /* Foundation.framework in Frameworks */,
				1FD1F278156CEB0B000A1786 /* CoreGraphics.framework in Frameworks */,
				99B51558158432CA00D0E739 /* libGoogleAdMobAds.a in Frameworks */,
			);
			runOnlyForDeploymentPostprocessing = 0;
		};
/* End PBXFrameworksBuildPhase section */

/* Begin PBXGroup section */
		1F8D2C2A151DA348003DB451 = {
			isa = PBXGroup;
			children = (
				1F8D2C3F151DA348003DB451 /* tcidsd */,
				1F8D2C38151DA348003DB451 /* Frameworks */,
				1F8D2C36151DA348003DB451 /* Products */,
			);
			sourceTree = "<group>";
		};
		1F8D2C36151DA348003DB451 /* Products */ = {
			isa = PBXGroup;
			children = (
				1F8D2C35151DA348003DB451 /* Draw Dict Free.app */,
				1FD1F295156CEB0B000A1786 /* Draw Dict.app */,
			);
			name = Products;
			sourceTree = "<group>";
		};
		1F8D2C38151DA348003DB451 /* Frameworks */ = {
			isa = PBXGroup;
			children = (
				99B516511584377F00D0E739 /* QuartzCore.framework */,
				99B5164F1584375B00D0E739 /* MapKit.framework */,
				99B5164D1584375200D0E739 /* libz.dylib */,
				99B5164B1584373D00D0E739 /* libsqlite3.dylib */,
				99B516481584370C00D0E739 /* AddressBook.framework */,
				99B516401584350800D0E739 /* CoreLocation.framework */,
				99B5163C158434F300D0E739 /* AVFoundation.framework */,
				99B5163A158434E800D0E739 /* iAd.framework */,
				1FEB2537153D3CD5002F9C5A /* MessageUI.framework */,
				1FEB2535153D3CBE002F9C5A /* AudioToolbox.framework */,
				1FEB2539153D3D08002F9C5A /* SystemConfiguration.framework */,
				1F8D2C39151DA348003DB451 /* UIKit.framework */,
				1F8D2C3B151DA348003DB451 /* Foundation.framework */,
				1F8D2C3D151DA348003DB451 /* CoreGraphics.framework */,
			);
			name = Frameworks;
			sourceTree = "<group>";
		};
		1F8D2C3F151DA348003DB451 /* tcidsd */ = {
			isa = PBXGroup;
			children = (
				99B5160F1584342800D0E739 /* TouchJSON */,
				99B51559158432F900D0E739 /* AdWhirl */,
				99B5154E158432CA00D0E739 /* AdNetworkLibs */,
				99B6A47D153AB3C30062C4A6 /* util */,
				99B6A486153AB3C30062C4A6 /* view */,
				99B6A469153AB3B70062C4A6 /* core */,
				99B6A472153AB3B70062C4A6 /* deviceId */,
				1F8D2C48151DA348003DB451 /* AppDelegate.h */,
				1F8D2C49151DA348003DB451 /* AppDelegate.mm */,
				999E5F6C15347E4F00F231AF /* Resources */,
				1F8D2C40151DA348003DB451 /* Supporting Files */,
				1F8D2C4B151DA348003DB451 /* ViewController.h */,
				1F8D2C4C151DA348003DB451 /* ViewController.mm */,
			);
			path = tcidsd;
			sourceTree = "<group>";
		};
		1F8D2C40151DA348003DB451 /* Supporting Files */ = {
			isa = PBXGroup;
			children = (
				1F8D2C4E151DA348003DB451 /* ViewController_iPhone.xib */,
				1F8D2C51151DA348003DB451 /* ViewController_iPad.xib */,
				1F8D2C42151DA348003DB451 /* InfoPlist.strings */,
				1F8D2C45151DA348003DB451 /* main.m */,
				1F8D2C47151DA348003DB451 /* tcidsd-Prefix.pch */,
			);
			name = "Supporting Files";
			sourceTree = "<group>";
		};
		999E5F6C15347E4F00F231AF /* Resources */ = {
			isa = PBXGroup;
			children = (
				99D5875B1585147D007160B4 /* icon */,
				99D5874C1585146E007160B4 /* icon_free */,
				FE02A2331578988F006ADF45 /* Default.png */,
				FE02A23415789890006ADF45 /* Default@2x.png */,
				FE02A23515789890006ADF45 /* Default~ipad.png */,
				FE02A23615789890006ADF45 /* Default~ipad@2x.png */,
				FE02A23015788307006ADF45 /* w_e */,
				FE02A21D15762665006ADF45 /* d_e */,
				99AFBD3D1540622C00366B31 /* chars.png */,
				99869945153DDB3D00B85BB7 /* btnsnapshot.png */,
				99869946153DDB3D00B85BB7 /* btnsnapshothover.png */,
				99869947153DDB3D00B85BB7 /* reset.png */,
				99869948153DDB3D00B85BB7 /* resethover.png */,
				1F74D1E1153BC225009B27D1 /* settings.png */,
				1F74D1E2153BC225009B27D1 /* title.png */,
			);
			path = Resources;
			sourceTree = "<group>";
		};
		99B5154E158432CA00D0E739 /* AdNetworkLibs */ = {
			isa = PBXGroup;
			children = (
				99B5154F158432CA00D0E739 /* AdMobAdsSDK */,
			);
			path = AdNetworkLibs;
			sourceTree = "<group>";
		};
		99B5154F158432CA00D0E739 /* AdMobAdsSDK */ = {
			isa = PBXGroup;
			children = (
				99B51550158432CA00D0E739 /* GADBannerView.h */,
				99B51551158432CA00D0E739 /* GADBannerViewDelegate.h */,
				99B51552158432CA00D0E739 /* GADInterstitial.h */,
				99B51553158432CA00D0E739 /* GADInterstitialDelegate.h */,
				99B51554158432CA00D0E739 /* GADRequest.h */,
				99B51555158432CA00D0E739 /* GADRequestError.h */,
				99B51556158432CA00D0E739 /* libGoogleAdMobAds.a */,
			);
			path = AdMobAdsSDK;
			sourceTree = "<group>";
		};
		99B51559158432F900D0E739 /* AdWhirl */ = {
			isa = PBXGroup;
			children = (
				99B5155A158432F900D0E739 /* adapters */,
				99B51578158432F900D0E739 /* AdWhirlDelegateProtocol.h */,
				99B51579158432F900D0E739 /* AdWhirlView.h */,
				99B5157A158432F900D0E739 /* internal */,
				99B5159F158432F900D0E739 /* legacy */,
			);
			path = AdWhirl;
			sourceTree = "<group>";
		};
		99B5155A158432F900D0E739 /* adapters */ = {
			isa = PBXGroup;
			children = (
				99B5155B158432F900D0E739 /* AdWhirlAdapterBrightRoll.h */,
				99B5155D158432F900D0E739 /* AdWhirlAdapterGoogleAdMobAds.h */,
				99B5155E158432F900D0E739 /* AdWhirlAdapterGoogleAdMobAds.m */,
				99B5155F158432F900D0E739 /* AdWhirlAdapterGoogleAdSense.h */,
				99B51561158432F900D0E739 /* AdWhirlAdapterGreystripe.h */,
				99B51563158432F900D0E739 /* AdWhirlAdapterIAd.h */,
				99B51564158432F900D0E739 /* AdWhirlAdapterIAd.m */,
				99B51565158432F900D0E739 /* AdWhirlAdapterInMobi.h */,
				99B51567158432F900D0E739 /* AdWhirlAdapterJumpTap.h */,
				99B51569158432F900D0E739 /* AdWhirlAdapterMdotM.h */,
				99B5156B158432F900D0E739 /* AdWhirlAdapterMillennial.h */,
				99B5156D158432F900D0E739 /* AdWhirlAdapterNexage.h */,
				99B5156F158432F900D0E739 /* AdWhirlAdapterOneRiot.h */,
				99B51571158432F900D0E739 /* AdWhirlAdapterQuattro.h */,
				99B51573158432F900D0E739 /* AdWhirlAdapterVideoEgg.h */,
				99B51575158432F900D0E739 /* AdWhirlAdapterZestADZ.h */,
				99B51577158432F900D0E739 /* AdWhirlAdNetworkAdapter.h */,
			);
			path = adapters;
			sourceTree = "<group>";
		};
		99B5157A158432F900D0E739 /* internal */ = {
			isa = PBXGroup;
			children = (
				99B5157B158432F900D0E739 /* AdWhirlAdapterCustom.h */,
				99B5157C158432F900D0E739 /* AdWhirlAdapterCustom.m */,
				99B5157D158432F900D0E739 /* AdWhirlAdapterEvent.h */,
				99B5157E158432F900D0E739 /* AdWhirlAdapterEvent.m */,
				99B5157F158432F900D0E739 /* AdWhirlAdapterGeneric.h */,
				99B51580158432F900D0E739 /* AdWhirlAdapterGeneric.m */,
				99B51581158432F900D0E739 /* AdWhirlAdNetworkAdapter+Helpers.h */,
				99B51582158432F900D0E739 /* AdWhirlAdNetworkAdapter+Helpers.m */,
				99B51583158432F900D0E739 /* AdWhirlAdNetworkAdapter.m */,
				99B51584158432F900D0E739 /* AdWhirlAdNetworkConfig.h */,
				99B51585158432F900D0E739 /* AdWhirlAdNetworkConfig.m */,
				99B51586158432F900D0E739 /* AdWhirlAdNetworkRegistry.h */,
				99B51587158432F900D0E739 /* AdWhirlAdNetworkRegistry.m */,
				99B51588158432F900D0E739 /* AdWhirlClassWrapper.h */,
				99B51589158432F900D0E739 /* AdWhirlClassWrapper.m */,
				99B5158A158432F900D0E739 /* AdWhirlConfig.h */,
				99B5158B158432F900D0E739 /* AdWhirlConfig.m */,
				99B5158C158432F900D0E739 /* AdWhirlConfigStore.h */,
				99B5158D158432F900D0E739 /* AdWhirlConfigStore.m */,
				99B5158E158432F900D0E739 /* AdWhirlCustomAdView.h */,
				99B5158F158432F900D0E739 /* AdWhirlCustomAdView.m */,
				99B51590158432F900D0E739 /* AdWhirlError.h */,
				99B51591158432F900D0E739 /* AdWhirlError.m */,
				99B51592158432F900D0E739 /* AdWhirlLog.h */,
				99B51593158432F900D0E739 /* AdWhirlLog.m */,
				99B51594158432F900D0E739 /* AdWhirlView+.h */,
				99B51595158432F900D0E739 /* AdWhirlView.m */,
				99B51596158432F900D0E739 /* AdWhirlWebBrowser.xib */,
				99B51597158432F900D0E739 /* AdWhirlWebBrowserController.h */,
				99B51598158432F900D0E739 /* AdWhirlWebBrowserController.m */,
				99B51599158432F900D0E739 /* ARRollerView.m */,
				99B5159A158432F900D0E739 /* AWNetworkReachabilityDelegate.h */,
				99B5159B158432F900D0E739 /* AWNetworkReachabilityWrapper.h */,
				99B5159C158432F900D0E739 /* AWNetworkReachabilityWrapper.m */,
				99B5159D158432F900D0E739 /* UIColor+AdWhirlConfig.h */,
				99B5159E158432F900D0E739 /* UIColor+AdWhirlConfig.m */,
			);
			path = internal;
			sourceTree = "<group>";
		};
		99B5159F158432F900D0E739 /* legacy */ = {
			isa = PBXGroup;
			children = (
				99B515A0158432F900D0E739 /* ARRollerProtocol.h */,
				99B515A1158432F900D0E739 /* ARRollerView.h */,
			);
			path = legacy;
			sourceTree = "<group>";
		};
		99B5160F1584342800D0E739 /* TouchJSON */ = {
			isa = PBXGroup;
			children = (
				99B516101584342800D0E739 /* CDataScanner.h */,
				99B516111584342800D0E739 /* CDataScanner.m */,
				99B516121584342800D0E739 /* Extensions */,
				99B5161B1584342800D0E739 /* JSON */,
			);
			path = TouchJSON;
			sourceTree = "<group>";
		};
		99B516121584342800D0E739 /* Extensions */ = {
			isa = PBXGroup;
			children = (
				99B516131584342800D0E739 /* CDataScanner_Extensions.h */,
				99B516141584342800D0E739 /* CDataScanner_Extensions.m */,
				99B516151584342800D0E739 /* NSCharacterSet_Extensions.h */,
				99B516161584342800D0E739 /* NSCharacterSet_Extensions.m */,
				99B516171584342800D0E739 /* NSDictionary_JSONExtensions.h */,
				99B516181584342800D0E739 /* NSDictionary_JSONExtensions.m */,
				99B516191584342800D0E739 /* NSScanner_Extensions.h */,
				99B5161A1584342800D0E739 /* NSScanner_Extensions.m */,
			);
			path = Extensions;
			sourceTree = "<group>";
		};
		99B5161B1584342800D0E739 /* JSON */ = {
			isa = PBXGroup;
			children = (
				99B5161C1584342800D0E739 /* CJSONDataSerializer.h */,
				99B5161D1584342800D0E739 /* CJSONDataSerializer.m */,
				99B5161E1584342800D0E739 /* CJSONDeserializer.h */,
				99B5161F1584342800D0E739 /* CJSONDeserializer.m */,
				99B516201584342800D0E739 /* CJSONScanner.h */,
				99B516211584342800D0E739 /* CJSONScanner.m */,
				99B516221584342800D0E739 /* CJSONSerializer.h */,
				99B516231584342800D0E739 /* CJSONSerializer.m */,
				99B516241584342800D0E739 /* CSerializedJSONData.h */,
				99B516251584342800D0E739 /* CSerializedJSONData.m */,
			);
			path = JSON;
			sourceTree = "<group>";
		};
		99B6A469153AB3B70062C4A6 /* core */ = {
			isa = PBXGroup;
			children = (
				99B6A46A153AB3B70062C4A6 /* DictCore.h */,
				99B6A46B153AB3B70062C4A6 /* DictCore.mm */,
				99B6A46C153AB3B70062C4A6 /* ImageCore.h */,
				99B6A46D153AB3B70062C4A6 /* ImageCore.mm */,
				99B6A46E153AB3B70062C4A6 /* ImageRecognizer.h */,
				99B6A46F153AB3B70062C4A6 /* ImageRecognizer.mm */,
				99B6A470153AB3B70062C4A6 /* Word.h */,
				99B6A471153AB3B70062C4A6 /* Word.mm */,
			);
			path = core;
			sourceTree = "<group>";
		};
		99B6A472153AB3B70062C4A6 /* deviceId */ = {
			isa = PBXGroup;
			children = (
				99B6A473153AB3B70062C4A6 /* NSString+MD5Addition.h */,
				99B6A474153AB3B70062C4A6 /* NSString+MD5Addition.m */,
				99B6A475153AB3B70062C4A6 /* UIDevice+IdentifierAddition.h */,
				99B6A476153AB3B70062C4A6 /* UIDevice+IdentifierAddition.m */,
			);
			path = deviceId;
			sourceTree = "<group>";
		};
		99B6A47D153AB3C30062C4A6 /* util */ = {
			isa = PBXGroup;
			children = (
				99B6A47E153AB3C30062C4A6 /* ColorUtil.h */,
				99B6A47F153AB3C30062C4A6 /* ColorUtil.mm */,
				99B6A480153AB3C30062C4A6 /* DictUtil.h */,
				99B6A481153AB3C30062C4A6 /* DictUtil.mm */,
				99B6A482153AB3C30062C4A6 /* Global.h */,
				99B6A483153AB3C30062C4A6 /* Global.mm */,
				99B6A484153AB3C30062C4A6 /* SettingManager.h */,
				99B6A485153AB3C30062C4A6 /* SettingManager.m */,
			);
			path = util;
			sourceTree = "<group>";
		};
		99B6A486153AB3C30062C4A6 /* view */ = {
			isa = PBXGroup;
			children = (
				99C082791549A12500D43EE7 /* WaitView.h */,
				99C0827A1549A12500D43EE7 /* WaitView.m */,
				1F74D1DD153BBDF6009B27D1 /* DropDownButton.h */,
				1F74D1DE153BBDF6009B27D1 /* DropDownButton.mm */,
				99B6A487153AB3C40062C4A6 /* DictView.h */,
				99B6A488153AB3C40062C4A6 /* DictView.mm */,
				99B6A48D153AB3C40062C4A6 /* ImageChooser.h */,
				99B6A48E153AB3C40062C4A6 /* ImageChooser.mm */,
				99B6A48F153AB3C40062C4A6 /* DetailTableViewCell.h */,
				99B6A490153AB3C40062C4A6 /* DetailTableViewCell.mm */,
				99B6A491153AB3C40062C4A6 /* ResultWordsView.h */,
				99B6A492153AB3C40062C4A6 /* ResultWordsView.mm */,
				99B6A493153AB3C40062C4A6 /* SectionHeaderViewer.h */,
				99B6A494153AB3C40062C4A6 /* SectionHeaderViewer.mm */,
				99B6A495153AB3C40062C4A6 /* TooltipView.h */,
				99B6A496153AB3C40062C4A6 /* TooltipView.mm */,
				1F74D1E5153BE8D4009B27D1 /* TileTableViewCell.h */,
				1F74D1E6153BE8D6009B27D1 /* TileTableViewCell.mm */,
			);
			path = view;
			sourceTree = "<group>";
		};
		99D5874C1585146E007160B4 /* icon_free */ = {
			isa = PBXGroup;
			children = (
				99D5874D1585146E007160B4 /* Icon-72.png */,
				99D5874E1585146E007160B4 /* Icon-Small-50.png */,
				99D5874F1585146E007160B4 /* Icon-Small.png */,
				99D587501585146E007160B4 /* Icon-Small@2x.png */,
				99D587511585146E007160B4 /* Icon.png */,
				99D587521585146E007160B4 /* Icon@2x.png */,
				99D587531585146F007160B4 /* iTunesArtwork */,
			);
			path = icon_free;
			sourceTree = "<group>";
		};
		99D5875B1585147D007160B4 /* icon */ = {
			isa = PBXGroup;
			children = (
				99D5875C1585147D007160B4 /* Icon-72.png */,
				99D5875D1585147D007160B4 /* Icon-Small-50.png */,
				99D5875E1585147D007160B4 /* Icon-Small.png */,
				99D5875F1585147D007160B4 /* Icon-Small@2x.png */,
				99D587601585147D007160B4 /* Icon.png */,
				99D587611585147D007160B4 /* Icon@2x.png */,
				99D587621585147D007160B4 /* iTunesArtwork */,
			);
			path = icon;
			sourceTree = "<group>";
		};
/* End PBXGroup section */

/* Begin PBXNativeTarget section */
		1F8D2C34151DA348003DB451 /* Draw Dict Free */ = {
			isa = PBXNativeTarget;
			buildConfigurationList = 1F8D2C56151DA348003DB451 /* Build configuration list for PBXNativeTarget "Draw Dict Free" */;
			buildPhases = (
				1F8D2C31151DA348003DB451 /* Sources */,
				1F8D2C32151DA348003DB451 /* Frameworks */,
				1F8D2C33151DA348003DB451 /* Resources */,
			);
			buildRules = (
				1F7D48F015521DF200238BAC /* PBXBuildRule */,
			);
			dependencies = (
			);
			name = "Draw Dict Free";
			productName = tcidsd;
			productReference = 1F8D2C35151DA348003DB451 /* Draw Dict Free.app */;
			productType = "com.apple.product-type.application";
		};
		1FD1F25A156CEB0B000A1786 /* Draw Dict */ = {
			isa = PBXNativeTarget;
			buildConfigurationList = 1FD1F292156CEB0B000A1786 /* Build configuration list for PBXNativeTarget "Draw Dict" */;
			buildPhases = (
				1FD1F25B156CEB0B000A1786 /* Sources */,
				1FD1F272156CEB0B000A1786 /* Frameworks */,
				1FD1F27A156CEB0B000A1786 /* Resources */,
			);
			buildRules = (
				1FD1F291156CEB0B000A1786 /* PBXBuildRule */,
			);
			dependencies = (
			);
			name = "Draw Dict";
			productName = tcidsd;
			productReference = 1FD1F295156CEB0B000A1786 /* Draw Dict.app */;
			productType = "com.apple.product-type.application";
		};
/* End PBXNativeTarget section */

/* Begin PBXProject section */
		1F8D2C2C151DA348003DB451 /* Project object */ = {
			isa = PBXProject;
			attributes = {
				LastUpgradeCheck = 0420;
			};
			buildConfigurationList = 1F8D2C2F151DA348003DB451 /* Build configuration list for PBXProject "tcidsd" */;
			compatibilityVersion = "Xcode 3.2";
			developmentRegion = English;
			hasScannedForEncodings = 0;
			knownRegions = (
				en,
			);
			mainGroup = 1F8D2C2A151DA348003DB451;
			productRefGroup = 1F8D2C36151DA348003DB451 /* Products */;
			projectDirPath = "";
			projectRoot = "";
			targets = (
				1F8D2C34151DA348003DB451 /* Draw Dict Free */,
				1FD1F25A156CEB0B000A1786 /* Draw Dict */,
			);
		};
/* End PBXProject section */

/* Begin PBXResourcesBuildPhase section */
		1F8D2C33151DA348003DB451 /* Resources */ = {
			isa = PBXResourcesBuildPhase;
			buildActionMask = 2147483647;
			files = (
				1F8D2C44151DA348003DB451 /* InfoPlist.strings in Resources */,
				1F8D2C50151DA348003DB451 /* ViewController_iPhone.xib in Resources */,
				1F8D2C53151DA348003DB451 /* ViewController_iPad.xib in Resources */,
				1F74D1E3153BC225009B27D1 /* settings.png in Resources */,
				1F74D1E4153BC225009B27D1 /* title.png in Resources */,
				99869949153DDB3D00B85BB7 /* btnsnapshot.png in Resources */,
				9986994A153DDB3D00B85BB7 /* btnsnapshothover.png in Resources */,
				9986994B153DDB3D00B85BB7 /* reset.png in Resources */,
				9986994C153DDB3D00B85BB7 /* resethover.png in Resources */,
				99AFBD3E1540622C00366B31 /* chars.png in Resources */,
				FE02A21E15762665006ADF45 /* d_e in Resources */,
				FE02A23115788307006ADF45 /* w_e in Resources */,
				FE02A23715789890006ADF45 /* Default.png in Resources */,
				FE02A23915789890006ADF45 /* Default@2x.png in Resources */,
				FE02A23B15789890006ADF45 /* Default~ipad.png in Resources */,
				FE02A23D15789890006ADF45 /* Default~ipad@2x.png in Resources */,
				99B515DA158432F900D0E739 /* AdWhirlWebBrowser.xib in Resources */,
				99D587541585146F007160B4 /* Icon-72.png in Resources */,
				99D587551585146F007160B4 /* Icon-Small-50.png in Resources */,
				99D587561585146F007160B4 /* Icon-Small.png in Resources */,
				99D587571585146F007160B4 /* Icon-Small@2x.png in Resources */,
				99D587581585146F007160B4 /* Icon.png in Resources */,
				99D587591585146F007160B4 /* Icon@2x.png in Resources */,
				99D5875A1585146F007160B4 /* iTunesArtwork in Resources */,
			);
			runOnlyForDeploymentPostprocessing = 0;
		};
		1FD1F27A156CEB0B000A1786 /* Resources */ = {
			isa = PBXResourcesBuildPhase;
			buildActionMask = 2147483647;
			files = (
				1FD1F27B156CEB0B000A1786 /* InfoPlist.strings in Resources */,
				1FD1F27C156CEB0B000A1786 /* ViewController_iPhone.xib in Resources */,
				1FD1F27D156CEB0B000A1786 /* ViewController_iPad.xib in Resources */,
				1FD1F284156CEB0B000A1786 /* settings.png in Resources */,
				1FD1F285156CEB0B000A1786 /* title.png in Resources */,
				1FD1F28A156CEB0B000A1786 /* btnsnapshot.png in Resources */,
				1FD1F28B156CEB0B000A1786 /* btnsnapshothover.png in Resources */,
				1FD1F28C156CEB0B000A1786 /* reset.png in Resources */,
				1FD1F28D156CEB0B000A1786 /* resethover.png in Resources */,
				1FD1F28E156CEB0B000A1786 /* chars.png in Resources */,
				FE02A21F15762665006ADF45 /* d_e in Resources */,
				FE02A23215788307006ADF45 /* w_e in Resources */,
				FE02A23815789890006ADF45 /* Default.png in Resources */,
				FE02A23A15789890006ADF45 /* Default@2x.png in Resources */,
				FE02A23C15789890006ADF45 /* Default~ipad.png in Resources */,
				FE02A23E15789890006ADF45 /* Default~ipad@2x.png in Resources */,
				99B515DB158432F900D0E739 /* AdWhirlWebBrowser.xib in Resources */,
				99D587631585147D007160B4 /* Icon-72.png in Resources */,
				99D587641585147D007160B4 /* Icon-Small-50.png in Resources */,
				99D587651585147D007160B4 /* Icon-Small.png in Resources */,
				99D587661585147D007160B4 /* Icon-Small@2x.png in Resources */,
				99D587671585147D007160B4 /* Icon.png in Resources */,
				99D587681585147D007160B4 /* Icon@2x.png in Resources */,
				99D587691585147D007160B4 /* iTunesArtwork in Resources */,
			);
			runOnlyForDeploymentPostprocessing = 0;
		};
/* End PBXResourcesBuildPhase section */

/* Begin PBXSourcesBuildPhase section */
		1F8D2C31151DA348003DB451 /* Sources */ = {
			isa = PBXSourcesBuildPhase;
			buildActionMask = 2147483647;
			files = (
				1F8D2C46151DA348003DB451 /* main.m in Sources */,
				1F8D2C4A151DA348003DB451 /* AppDelegate.mm in Sources */,
				1F8D2C4D151DA348003DB451 /* ViewController.mm in Sources */,
				99B6A477153AB3B70062C4A6 /* DictCore.mm in Sources */,
				99B6A478153AB3B70062C4A6 /* ImageCore.mm in Sources */,
				99B6A479153AB3B70062C4A6 /* ImageRecognizer.mm in Sources */,
				99B6A47A153AB3B70062C4A6 /* Word.mm in Sources */,
				99B6A47B153AB3B70062C4A6 /* NSString+MD5Addition.m in Sources */,
				99B6A47C153AB3B70062C4A6 /* UIDevice+IdentifierAddition.m in Sources */,
				99B6A497153AB3C40062C4A6 /* ColorUtil.mm in Sources */,
				99B6A498153AB3C40062C4A6 /* DictUtil.mm in Sources */,
				99B6A499153AB3C40062C4A6 /* Global.mm in Sources */,
				99B6A49A153AB3C40062C4A6 /* SettingManager.m in Sources */,
				99B6A49B153AB3C40062C4A6 /* DictView.mm in Sources */,
				99B6A49E153AB3C40062C4A6 /* ImageChooser.mm in Sources */,
				99B6A49F153AB3C40062C4A6 /* DetailTableViewCell.mm in Sources */,
				99B6A4A0153AB3C40062C4A6 /* ResultWordsView.mm in Sources */,
				99B6A4A1153AB3C40062C4A6 /* SectionHeaderViewer.mm in Sources */,
				99B6A4A2153AB3C40062C4A6 /* TooltipView.mm in Sources */,
				1F74D1DF153BBDF6009B27D1 /* DropDownButton.mm in Sources */,
				1F74D1E7153BE8D9009B27D1 /* TileTableViewCell.mm in Sources */,
				99C0827B1549A12500D43EE7 /* WaitView.m in Sources */,
				99B515A4158432F900D0E739 /* AdWhirlAdapterGoogleAdMobAds.m in Sources */,
				99B515AA158432F900D0E739 /* AdWhirlAdapterIAd.m in Sources */,
				99B515BE158432F900D0E739 /* AdWhirlAdapterCustom.m in Sources */,
				99B515C0158432F900D0E739 /* AdWhirlAdapterEvent.m in Sources */,
				99B515C2158432F900D0E739 /* AdWhirlAdapterGeneric.m in Sources */,
				99B515C4158432F900D0E739 /* AdWhirlAdNetworkAdapter+Helpers.m in Sources */,
				99B515C6158432F900D0E739 /* AdWhirlAdNetworkAdapter.m in Sources */,
				99B515C8158432F900D0E739 /* AdWhirlAdNetworkConfig.m in Sources */,
				99B515CA158432F900D0E739 /* AdWhirlAdNetworkRegistry.m in Sources */,
				99B515CC158432F900D0E739 /* AdWhirlClassWrapper.m in Sources */,
				99B515CE158432F900D0E739 /* AdWhirlConfig.m in Sources */,
				99B515D0158432F900D0E739 /* AdWhirlConfigStore.m in Sources */,
				99B515D2158432F900D0E739 /* AdWhirlCustomAdView.m in Sources */,
				99B515D4158432F900D0E739 /* AdWhirlError.m in Sources */,
				99B515D6158432F900D0E739 /* AdWhirlLog.m in Sources */,
				99B515D8158432F900D0E739 /* AdWhirlView.m in Sources */,
				99B515DC158432F900D0E739 /* AdWhirlWebBrowserController.m in Sources */,
				99B515DE158432F900D0E739 /* ARRollerView.m in Sources */,
				99B515E0158432F900D0E739 /* AWNetworkReachabilityWrapper.m in Sources */,
				99B515E2158432F900D0E739 /* UIColor+AdWhirlConfig.m in Sources */,
				99B516261584342800D0E739 /* CDataScanner.m in Sources */,
				99B516281584342800D0E739 /* CDataScanner_Extensions.m in Sources */,
				99B5162A1584342800D0E739 /* NSCharacterSet_Extensions.m in Sources */,
				99B5162C1584342800D0E739 /* NSDictionary_JSONExtensions.m in Sources */,
				99B5162E1584342800D0E739 /* NSScanner_Extensions.m in Sources */,
				99B516301584342800D0E739 /* CJSONDataSerializer.m in Sources */,
				99B516321584342800D0E739 /* CJSONDeserializer.m in Sources */,
				99B516341584342800D0E739 /* CJSONScanner.m in Sources */,
				99B516361584342800D0E739 /* CJSONSerializer.m in Sources */,
				99B516381584342800D0E739 /* CSerializedJSONData.m in Sources */,
			);
			runOnlyForDeploymentPostprocessing = 0;
		};
		1FD1F25B156CEB0B000A1786 /* Sources */ = {
			isa = PBXSourcesBuildPhase;
			buildActionMask = 2147483647;
			files = (
				1FD1F25C156CEB0B000A1786 /* main.m in Sources */,
				1FD1F25D156CEB0B000A1786 /* AppDelegate.mm in Sources */,
				1FD1F25E156CEB0B000A1786 /* ViewController.mm in Sources */,
				1FD1F25F156CEB0B000A1786 /* DictCore.mm in Sources */,
				1FD1F260156CEB0B000A1786 /* ImageCore.mm in Sources */,
				1FD1F261156CEB0B000A1786 /* ImageRecognizer.mm in Sources */,
				1FD1F262156CEB0B000A1786 /* Word.mm in Sources */,
				1FD1F263156CEB0B000A1786 /* NSString+MD5Addition.m in Sources */,
				1FD1F264156CEB0B000A1786 /* UIDevice+IdentifierAddition.m in Sources */,
				1FD1F265156CEB0B000A1786 /* ColorUtil.mm in Sources */,
				1FD1F266156CEB0B000A1786 /* DictUtil.mm in Sources */,
				1FD1F267156CEB0B000A1786 /* Global.mm in Sources */,
				1FD1F268156CEB0B000A1786 /* SettingManager.m in Sources */,
				1FD1F269156CEB0B000A1786 /* DictView.mm in Sources */,
				1FD1F26A156CEB0B000A1786 /* ImageChooser.mm in Sources */,
				1FD1F26B156CEB0B000A1786 /* DetailTableViewCell.mm in Sources */,
				1FD1F26C156CEB0B000A1786 /* ResultWordsView.mm in Sources */,
				1FD1F26D156CEB0B000A1786 /* SectionHeaderViewer.mm in Sources */,
				1FD1F26E156CEB0B000A1786 /* TooltipView.mm in Sources */,
				1FD1F26F156CEB0B000A1786 /* DropDownButton.mm in Sources */,
				1FD1F270156CEB0B000A1786 /* TileTableViewCell.mm in Sources */,
				1FD1F271156CEB0B000A1786 /* WaitView.m in Sources */,
				99B515A5158432F900D0E739 /* AdWhirlAdapterGoogleAdMobAds.m in Sources */,
				99B515AB158432F900D0E739 /* AdWhirlAdapterIAd.m in Sources */,
				99B515BF158432F900D0E739 /* AdWhirlAdapterCustom.m in Sources */,
				99B515C1158432F900D0E739 /* AdWhirlAdapterEvent.m in Sources */,
				99B515C3158432F900D0E739 /* AdWhirlAdapterGeneric.m in Sources */,
				99B515C5158432F900D0E739 /* AdWhirlAdNetworkAdapter+Helpers.m in Sources */,
				99B515C7158432F900D0E739 /* AdWhirlAdNetworkAdapter.m in Sources */,
				99B515C9158432F900D0E739 /* AdWhirlAdNetworkConfig.m in Sources */,
				99B515CB158432F900D0E739 /* AdWhirlAdNetworkRegistry.m in Sources */,
				99B515CD158432F900D0E739 /* AdWhirlClassWrapper.m in Sources */,
				99B515CF158432F900D0E739 /* AdWhirlConfig.m in Sources */,
				99B515D1158432F900D0E739 /* AdWhirlConfigStore.m in Sources */,
				99B515D3158432F900D0E739 /* AdWhirlCustomAdView.m in Sources */,
				99B515D5158432F900D0E739 /* AdWhirlError.m in Sources */,
				99B515D7158432F900D0E739 /* AdWhirlLog.m in Sources */,
				99B515D9158432F900D0E739 /* AdWhirlView.m in Sources */,
				99B515DD158432F900D0E739 /* AdWhirlWebBrowserController.m in Sources */,
				99B515DF158432F900D0E739 /* ARRollerView.m in Sources */,
				99B515E1158432F900D0E739 /* AWNetworkReachabilityWrapper.m in Sources */,
				99B515E3158432F900D0E739 /* UIColor+AdWhirlConfig.m in Sources */,
				99B516271584342800D0E739 /* CDataScanner.m in Sources */,
				99B516291584342800D0E739 /* CDataScanner_Extensions.m in Sources */,
				99B5162B1584342800D0E739 /* NSCharacterSet_Extensions.m in Sources */,
				99B5162D1584342800D0E739 /* NSDictionary_JSONExtensions.m in Sources */,
				99B5162F1584342800D0E739 /* NSScanner_Extensions.m in Sources */,
				99B516311584342800D0E739 /* CJSONDataSerializer.m in Sources */,
				99B516331584342800D0E739 /* CJSONDeserializer.m in Sources */,
				99B516351584342800D0E739 /* CJSONScanner.m in Sources */,
				99B516371584342800D0E739 /* CJSONSerializer.m in Sources */,
				99B516391584342800D0E739 /* CSerializedJSONData.m in Sources */,
			);
			runOnlyForDeploymentPostprocessing = 0;
		};
/* End PBXSourcesBuildPhase section */

/* Begin PBXVariantGroup section */
		1F8D2C42151DA348003DB451 /* InfoPlist.strings */ = {
			isa = PBXVariantGroup;
			children = (
				1F8D2C43151DA348003DB451 /* en */,
			);
			name = InfoPlist.strings;
			sourceTree = "<group>";
		};
		1F8D2C4E151DA348003DB451 /* ViewController_iPhone.xib */ = {
			isa = PBXVariantGroup;
			children = (
				1F8D2C4F151DA348003DB451 /* en */,
			);
			name = ViewController_iPhone.xib;
			sourceTree = "<group>";
		};
		1F8D2C51151DA348003DB451 /* ViewController_iPad.xib */ = {
			isa = PBXVariantGroup;
			children = (
				1F8D2C52151DA348003DB451 /* en */,
			);
			name = ViewController_iPad.xib;
			sourceTree = "<group>";
		};
/* End PBXVariantGroup section */

/* Begin XCBuildConfiguration section */
		1F8D2C54151DA348003DB451 /* Debug */ = {
			isa = XCBuildConfiguration;
			buildSettings = {
				ALWAYS_SEARCH_USER_PATHS = NO;
				ARCHS = "$(ARCHS_STANDARD_32_BIT)";
				"CODE_SIGN_IDENTITY[sdk=iphoneos*]" = "iPhone Developer";
				COPY_PHASE_STRIP = NO;
				GCC_C_LANGUAGE_STANDARD = gnu99;
				GCC_DYNAMIC_NO_PIC = NO;
				GCC_OPTIMIZATION_LEVEL = 0;
				GCC_PREPROCESSOR_DEFINITIONS = (
					"DEBUG=1",
					"$(inherited)",
				);
				GCC_SYMBOLS_PRIVATE_EXTERN = NO;
				GCC_VERSION = com.apple.compilers.llvm.clang.1_0;
				GCC_WARN_ABOUT_MISSING_PROTOTYPES = YES;
				GCC_WARN_ABOUT_RETURN_TYPE = YES;
				GCC_WARN_UNUSED_VARIABLE = YES;
				IPHONEOS_DEPLOYMENT_TARGET = 4.0;
				SDKROOT = iphoneos;
				TARGETED_DEVICE_FAMILY = "1,2";
			};
			name = Debug;
		};
		1F8D2C55151DA348003DB451 /* Release */ = {
			isa = XCBuildConfiguration;
			buildSettings = {
				ALWAYS_SEARCH_USER_PATHS = NO;
				ARCHS = "$(ARCHS_STANDARD_32_BIT)";
				"CODE_SIGN_IDENTITY[sdk=iphoneos*]" = "iPhone Developer";
				COPY_PHASE_STRIP = YES;
				GCC_C_LANGUAGE_STANDARD = gnu99;
				GCC_VERSION = com.apple.compilers.llvm.clang.1_0;
				GCC_WARN_ABOUT_MISSING_PROTOTYPES = YES;
				GCC_WARN_ABOUT_RETURN_TYPE = YES;
				GCC_WARN_UNUSED_VARIABLE = YES;
				IPHONEOS_DEPLOYMENT_TARGET = 4.0;
				OTHER_CFLAGS = "-DNS_BLOCK_ASSERTIONS=1";
				SDKROOT = iphoneos;
				TARGETED_DEVICE_FAMILY = "1,2";
				VALIDATE_PRODUCT = YES;
			};
			name = Release;
		};
		1F8D2C57151DA348003DB451 /* Debug */ = {
			isa = XCBuildConfiguration;
			buildSettings = {
				CODE_SIGN_IDENTITY = "iPhone Developer: Jinde Wang (T5NXTACS89)";
				"CODE_SIGN_IDENTITY[sdk=iphoneos*]" = "iPhone Developer: Jinde Wang (T5NXTACS89)";
				COMPRESS_PNG_FILES = YES;
				GCC_PRECOMPILE_PREFIX_HEADER = YES;
				GCC_PREFIX_HEADER = "tcidsd/tcidsd-Prefix.pch";
				GCC_PREPROCESSOR_DEFINITIONS = (
					"DEBUG=1",
					"$(inherited)",
					FREE_VERSION,
				);
				GCC_PREPROCESSOR_DEFINITIONS_NOT_USED_IN_PRECOMPS = "";
				INFOPLIST_FILE = "tcidsd/Draw Dict Free-Info.plist";
				IPHONEOS_DEPLOYMENT_TARGET = 4.0;
				LIBRARY_SEARCH_PATHS = (
					"$(inherited)",
					"\"$(SRCROOT)/tcidsd/AdNetworkLibs/AdMobAdsSDK\"",
				);
				OTHER_CFLAGS = "";
				PRODUCT_NAME = "$(TARGET_NAME)";
				PROVISIONING_PROFILE = "D992B784-E02D-47BE-91FE-734ECB7A8709";
				"PROVISIONING_PROFILE[sdk=iphoneos*]" = "D992B784-E02D-47BE-91FE-734ECB7A8709";
				WRAPPER_EXTENSION = app;
			};
			name = Debug;
		};
		1F8D2C58151DA348003DB451 /* Release */ = {
			isa = XCBuildConfiguration;
			buildSettings = {
				CODE_SIGN_IDENTITY = "iPhone Distribution: Jinde Wang";
				"CODE_SIGN_IDENTITY[sdk=iphoneos*]" = "iPhone Distribution: Jinde Wang";
				COMPRESS_PNG_FILES = YES;
				GCC_PRECOMPILE_PREFIX_HEADER = YES;
				GCC_PREFIX_HEADER = "tcidsd/tcidsd-Prefix.pch";
				GCC_PREPROCESSOR_DEFINITIONS = FREE_VERSION;
				GCC_PREPROCESSOR_DEFINITIONS_NOT_USED_IN_PRECOMPS = "";
				INFOPLIST_FILE = "tcidsd/Draw Dict Free-Info.plist";
				IPHONEOS_DEPLOYMENT_TARGET = 4.0;
				LIBRARY_SEARCH_PATHS = (
					"$(inherited)",
					"\"$(SRCROOT)/tcidsd/AdNetworkLibs/AdMobAdsSDK\"",
				);
				PRODUCT_NAME = "$(TARGET_NAME)";
				PROVISIONING_PROFILE = "4E3DC234-D489-4CB1-BD2B-B0ED32125EEA";
				"PROVISIONING_PROFILE[sdk=iphoneos*]" = "4E3DC234-D489-4CB1-BD2B-B0ED32125EEA";
				WRAPPER_EXTENSION = app;
			};
			name = Release;
		};
		1FD1F293156CEB0B000A1786 /* Debug */ = {
			isa = XCBuildConfiguration;
			buildSettings = {
				CODE_SIGN_IDENTITY = "iPhone Developer: Jinde Wang (T5NXTACS89)";
				"CODE_SIGN_IDENTITY[sdk=iphoneos*]" = "iPhone Developer: Jinde Wang (T5NXTACS89)";
				COMPRESS_PNG_FILES = YES;
				GCC_PRECOMPILE_PREFIX_HEADER = YES;
				GCC_PREFIX_HEADER = "tcidsd/tcidsd-Prefix.pch";
				INFOPLIST_FILE = "tcidsd/Draw Dict Adless-Info.plist";
				IPHONEOS_DEPLOYMENT_TARGET = 4.0;
				LIBRARY_SEARCH_PATHS = (
					"$(inherited)",
					"\"$(SRCROOT)/tcidsd/AdNetworkLibs/AdMobAdsSDK\"",
				);
				PRODUCT_NAME = "Draw Dict";
				PROVISIONING_PROFILE = "E4AB4D3D-58FE-44F0-9296-9C8DC37B2647";
				"PROVISIONING_PROFILE[sdk=iphoneos*]" = "E4AB4D3D-58FE-44F0-9296-9C8DC37B2647";
				WRAPPER_EXTENSION = app;
			};
			name = Debug;
		};
		1FD1F294156CEB0B000A1786 /* Release */ = {
			isa = XCBuildConfiguration;
			buildSettings = {
				CODE_SIGN_IDENTITY = "iPhone Distribution: Jinde Wang";
				"CODE_SIGN_IDENTITY[sdk=iphoneos*]" = "iPhone Distribution: Jinde Wang";
				COMPRESS_PNG_FILES = YES;
				GCC_PRECOMPILE_PREFIX_HEADER = YES;
				GCC_PREFIX_HEADER = "tcidsd/tcidsd-Prefix.pch";
				INFOPLIST_FILE = "tcidsd/Draw Dict Adless-Info.plist";
				IPHONEOS_DEPLOYMENT_TARGET = 4.0;
				LIBRARY_SEARCH_PATHS = (
					"$(inherited)",
					"\"$(SRCROOT)/tcidsd/AdNetworkLibs/AdMobAdsSDK\"",
				);
				PRODUCT_NAME = "Draw Dict";
				PROVISIONING_PROFILE = "E61086F5-7936-4ED3-A25F-23F98066E2E9";
				"PROVISIONING_PROFILE[sdk=iphoneos*]" = "E61086F5-7936-4ED3-A25F-23F98066E2E9";
				WRAPPER_EXTENSION = app;
			};
			name = Release;
		};
/* End XCBuildConfiguration section */

/* Begin XCConfigurationList section */
		1F8D2C2F151DA348003DB451 /* Build configuration list for PBXProject "tcidsd" */ = {
			isa = XCConfigurationList;
			buildConfigurations = (
				1F8D2C54151DA348003DB451 /* Debug */,
				1F8D2C55151DA348003DB451 /* Release */,
			);
			defaultConfigurationIsVisible = 0;
			defaultConfigurationName = Release;
		};
		1F8D2C56151DA348003DB451 /* Build configuration list for PBXNativeTarget "Draw Dict Free" */ = {
			isa = XCConfigurationList;
			buildConfigurations = (
				1F8D2C57151DA348003DB451 /* Debug */,
				1F8D2C58151DA348003DB451 /* Release */,
			);
			defaultConfigurationIsVisible = 0;
			defaultConfigurationName = Release;
		};
		1FD1F292156CEB0B000A1786 /* Build configuration list for PBXNativeTarget "Draw Dict" */ = {
			isa = XCConfigurationList;
			buildConfigurations = (
				1FD1F293156CEB0B000A1786 /* Debug */,
				1FD1F294156CEB0B000A1786 /* Release */,
			);
			defaultConfigurationIsVisible = 0;
			defaultConfigurationName = Release;
		};
/* End XCConfigurationList section */
	};
	rootObject = 1F8D2C2C151DA348003DB451 /* Project object */;
}
